
Microsoft Visual Studio Solution File, Format Version 12.00
# Visual Studio 14
VisualStudioVersion = 14.0.22823.1
MinimumVisualStudioVersion = 10.0.40219.1
Project("{FAE04EC0-301F-11D3-BF4B-00C04F79EFBC}") = "Reuse.WUP", "Reuse.WUP\Reuse.WUP.csproj", "{CFEB300D-1253-4176-BCCD-EE479DE1AB84}"
EndProject
Project("{FAE04EC0-301F-11D3-BF4B-00C04F79EFBC}") = "Reuse.81", "Reuse.81\Reuse.81.csproj", "{03EDD09E-4F05-4EA1-962F-AD52A7EBB223}"
EndProject
Project("{2150E333-8FDC-42A3-9474-1A3956D46DE8}") = "Demo", "Demo", "{34D34589-2F5E-4673-BE93-94979F9C346D}"
EndProject
Project("{2150E333-8FDC-42A3-9474-1A3956D46DE8}") = "Tests", "Tests", "{E5018E9A-8711-4098-8C0B-9DE5A1D5544C}"
EndProject
Project("{2150E333-8FDC-42A3-9474-1A3956D46DE8}") = "Lib", "Lib", "{4F1CA27A-0197-42F9-89A0-744DC3C8F94D}"
EndProject
Project("{8BB2217D-0F2D-49D1-97BC-3654ED321F3B}") = "Demo.Web", "Demo.Web\Demo.Web.xproj", "{1DC9E0F3-5385-4F90-AFE6-ECC226FA76F4}"
EndProject
Project("{FAE04EC0-301F-11D3-BF4B-00C04F79EFBC}") = "Demo.App", "Demo.App\Demo.App.csproj", "{07C6A18D-B25D-4119-9C1B-7B5928720414}"
EndProject
Project("{FAE04EC0-301F-11D3-BF4B-00C04F79EFBC}") = "Demo.XamarinNative", "Demo.XamarinNative\Demo.XamarinNative\Demo.XamarinNative.csproj", "{34A644B3-23E3-4261-A6B5-AD5993BFC987}"
EndProject
Project("{FAE04EC0-301F-11D3-BF4B-00C04F79EFBC}") = "Demo.XamarinNative.Droid", "Demo.XamarinNative\Demo.XamarinNative.Droid\Demo.XamarinNative.Droid.csproj", "{3ECA5BAB-B998-475A-AFFF-76D03253D082}"
EndProject
Project("{FAE04EC0-301F-11D3-BF4B-00C04F79EFBC}") = "Demo.XamarinNative.WinPhone", "Demo.XamarinNative\Demo.XamarinNative.WinPhone\Demo.XamarinNative.WinPhone.csproj", "{76495AA4-C18C-4EBC-BDA2-78478C68DDDC}"
EndProject
Project("{FAE04EC0-301F-11D3-BF4B-00C04F79EFBC}") = "Demo.XamarinForms", "Demo.XamarinForms\Demo.XamarinForms\Demo.XamarinForms.csproj", "{D34AB81F-569B-47BF-B748-56DC1E3EE581}"
EndProject
Project("{FAE04EC0-301F-11D3-BF4B-00C04F79EFBC}") = "Demo.XamarinForms.iOS", "Demo.XamarinForms\Demo.XamarinForms.iOS\Demo.XamarinForms.iOS.csproj", "{7ACA9A82-A595-4911-AD02-BF76A6C8F52C}"
EndProject
Project("{FAE04EC0-301F-11D3-BF4B-00C04F79EFBC}") = "Demo.XamarinForms.Droid", "Demo.XamarinForms\Demo.XamarinForms.Droid\Demo.XamarinForms.Droid.csproj", "{CB3F96B6-BF9D-4C61-A8A0-55A244200916}"
EndProject
Project("{FAE04EC0-301F-11D3-BF4B-00C04F79EFBC}") = "Demo.XamarinForms.WinPhone", "Demo.XamarinForms\Demo.XamarinForms.WinPhone\Demo.XamarinForms.WinPhone.csproj", "{68A33A3B-1D0F-44CF-B938-6856217A434F}"
EndProject
Project("{FAE04EC0-301F-11D3-BF4B-00C04F79EFBC}") = "Demo.WUP", "Demo.WUP\Demo.WUP.csproj", "{0AFE9711-4BAD-434F-A1E3-5D7C78F613B9}"
EndProject
Project("{FAE04EC0-301F-11D3-BF4B-00C04F79EFBC}") = "Demo.XamarinNative.iOS", "Demo.XamarinNative\Demo.XamarinNative.iOS\Demo.XamarinNative.iOS.csproj", "{ECF990B3-63B7-445D-AEDE-85AE75C0EC44}"
EndProject
Global
	GlobalSection(SolutionConfigurationPlatforms) = preSolution
		Ad-Hoc|Any CPU = Ad-Hoc|Any CPU
		Ad-Hoc|ARM = Ad-Hoc|ARM
		Ad-Hoc|iPhone = Ad-Hoc|iPhone
		Ad-Hoc|iPhoneSimulator = Ad-Hoc|iPhoneSimulator
		Ad-Hoc|x64 = Ad-Hoc|x64
		Ad-Hoc|x86 = Ad-Hoc|x86
		AppStore|Any CPU = AppStore|Any CPU
		AppStore|ARM = AppStore|ARM
		AppStore|iPhone = AppStore|iPhone
		AppStore|iPhoneSimulator = AppStore|iPhoneSimulator
		AppStore|x64 = AppStore|x64
		AppStore|x86 = AppStore|x86
		Debug|Any CPU = Debug|Any CPU
		Debug|ARM = Debug|ARM
		Debug|iPhone = Debug|iPhone
		Debug|iPhoneSimulator = Debug|iPhoneSimulator
		Debug|x64 = Debug|x64
		Debug|x86 = Debug|x86
		Release|Any CPU = Release|Any CPU
		Release|ARM = Release|ARM
		Release|iPhone = Release|iPhone
		Release|iPhoneSimulator = Release|iPhoneSimulator
		Release|x64 = Release|x64
		Release|x86 = Release|x86
	EndGlobalSection
	GlobalSection(ProjectConfigurationPlatforms) = postSolution
		{CFEB300D-1253-4176-BCCD-EE479DE1AB84}.Ad-Hoc|Any CPU.ActiveCfg = Release|Any CPU
		{CFEB300D-1253-4176-BCCD-EE479DE1AB84}.Ad-Hoc|Any CPU.Build.0 = Release|Any CPU
		{CFEB300D-1253-4176-BCCD-EE479DE1AB84}.Ad-Hoc|ARM.ActiveCfg = Release|ARM
		{CFEB300D-1253-4176-BCCD-EE479DE1AB84}.Ad-Hoc|ARM.Build.0 = Release|ARM
		{CFEB300D-1253-4176-BCCD-EE479DE1AB84}.Ad-Hoc|iPhone.ActiveCfg = Release|Any CPU
		{CFEB300D-1253-4176-BCCD-EE479DE1AB84}.Ad-Hoc|iPhone.Build.0 = Release|Any CPU
		{CFEB300D-1253-4176-BCCD-EE479DE1AB84}.Ad-Hoc|iPhoneSimulator.ActiveCfg = Release|Any CPU
		{CFEB300D-1253-4176-BCCD-EE479DE1AB84}.Ad-Hoc|iPhoneSimulator.Build.0 = Release|Any CPU
		{CFEB300D-1253-4176-BCCD-EE479DE1AB84}.Ad-Hoc|x64.ActiveCfg = Release|x64
		{CFEB300D-1253-4176-BCCD-EE479DE1AB84}.Ad-Hoc|x64.Build.0 = Release|x64
		{CFEB300D-1253-4176-BCCD-EE479DE1AB84}.Ad-Hoc|x86.ActiveCfg = Release|x86
		{CFEB300D-1253-4176-BCCD-EE479DE1AB84}.Ad-Hoc|x86.Build.0 = Release|x86
		{CFEB300D-1253-4176-BCCD-EE479DE1AB84}.AppStore|Any CPU.ActiveCfg = Release|Any CPU
		{CFEB300D-1253-4176-BCCD-EE479DE1AB84}.AppStore|Any CPU.Build.0 = Release|Any CPU
		{CFEB300D-1253-4176-BCCD-EE479DE1AB84}.AppStore|ARM.ActiveCfg = Release|ARM
		{CFEB300D-1253-4176-BCCD-EE479DE1AB84}.AppStore|ARM.Build.0 = Release|ARM
		{CFEB300D-1253-4176-BCCD-EE479DE1AB84}.AppStore|iPhone.ActiveCfg = Release|Any CPU
		{CFEB300D-1253-4176-BCCD-EE479DE1AB84}.AppStore|iPhone.Build.0 = Release|Any CPU
		{CFEB300D-1253-4176-BCCD-EE479DE1AB84}.AppStore|iPhoneSimulator.ActiveCfg = Release|Any CPU
		{CFEB300D-1253-4176-BCCD-EE479DE1AB84}.AppStore|iPhoneSimulator.Build.0 = Release|Any CPU
		{CFEB300D-1253-4176-BCCD-EE479DE1AB84}.AppStore|x64.ActiveCfg = Release|x64
		{CFEB300D-1253-4176-BCCD-EE479DE1AB84}.AppStore|x64.Build.0 = Release|x64
		{CFEB300D-1253-4176-BCCD-EE479DE1AB84}.AppStore|x86.ActiveCfg = Release|x86
		{CFEB300D-1253-4176-BCCD-EE479DE1AB84}.AppStore|x86.Build.0 = Release|x86
		{CFEB300D-1253-4176-BCCD-EE479DE1AB84}.Debug|Any CPU.ActiveCfg = Debug|Any CPU
		{CFEB300D-1253-4176-BCCD-EE479DE1AB84}.Debug|Any CPU.Build.0 = Debug|Any CPU
		{CFEB300D-1253-4176-BCCD-EE479DE1AB84}.Debug|ARM.ActiveCfg = Debug|ARM
		{CFEB300D-1253-4176-BCCD-EE479DE1AB84}.Debug|ARM.Build.0 = Debug|ARM
		{CFEB300D-1253-4176-BCCD-EE479DE1AB84}.Debug|iPhone.ActiveCfg = Debug|Any CPU
		{CFEB300D-1253-4176-BCCD-EE479DE1AB84}.Debug|iPhone.Build.0 = Debug|Any CPU
		{CFEB300D-1253-4176-BCCD-EE479DE1AB84}.Debug|iPhoneSimulator.ActiveCfg = Debug|Any CPU
		{CFEB300D-1253-4176-BCCD-EE479DE1AB84}.Debug|iPhoneSimulator.Build.0 = Debug|Any CPU
		{CFEB300D-1253-4176-BCCD-EE479DE1AB84}.Debug|x64.ActiveCfg = Debug|x64
		{CFEB300D-1253-4176-BCCD-EE479DE1AB84}.Debug|x64.Build.0 = Debug|x64
		{CFEB300D-1253-4176-BCCD-EE479DE1AB84}.Debug|x86.ActiveCfg = Debug|x86
		{CFEB300D-1253-4176-BCCD-EE479DE1AB84}.Debug|x86.Build.0 = Debug|x86
		{CFEB300D-1253-4176-BCCD-EE479DE1AB84}.Release|Any CPU.ActiveCfg = Release|Any CPU
		{CFEB300D-1253-4176-BCCD-EE479DE1AB84}.Release|Any CPU.Build.0 = Release|Any CPU
		{CFEB300D-1253-4176-BCCD-EE479DE1AB84}.Release|ARM.ActiveCfg = Release|ARM
		{CFEB300D-1253-4176-BCCD-EE479DE1AB84}.Release|ARM.Build.0 = Release|ARM
		{CFEB300D-1253-4176-BCCD-EE479DE1AB84}.Release|iPhone.ActiveCfg = Release|Any CPU
		{CFEB300D-1253-4176-BCCD-EE479DE1AB84}.Release|iPhone.Build.0 = Release|Any CPU
		{CFEB300D-1253-4176-BCCD-EE479DE1AB84}.Release|iPhoneSimulator.ActiveCfg = Release|Any CPU
		{CFEB300D-1253-4176-BCCD-EE479DE1AB84}.Release|iPhoneSimulator.Build.0 = Release|Any CPU
		{CFEB300D-1253-4176-BCCD-EE479DE1AB84}.Release|x64.ActiveCfg = Release|x64
		{CFEB300D-1253-4176-BCCD-EE479DE1AB84}.Release|x64.Build.0 = Release|x64
		{CFEB300D-1253-4176-BCCD-EE479DE1AB84}.Release|x86.ActiveCfg = Release|x86
		{CFEB300D-1253-4176-BCCD-EE479DE1AB84}.Release|x86.Build.0 = Release|x86
		{03EDD09E-4F05-4EA1-962F-AD52A7EBB223}.Ad-Hoc|Any CPU.ActiveCfg = Release|Any CPU
		{03EDD09E-4F05-4EA1-962F-AD52A7EBB223}.Ad-Hoc|Any CPU.Build.0 = Release|Any CPU
		{03EDD09E-4F05-4EA1-962F-AD52A7EBB223}.Ad-Hoc|ARM.ActiveCfg = Release|Any CPU
		{03EDD09E-4F05-4EA1-962F-AD52A7EBB223}.Ad-Hoc|ARM.Build.0 = Release|Any CPU
		{03EDD09E-4F05-4EA1-962F-AD52A7EBB223}.Ad-Hoc|iPhone.ActiveCfg = Release|Any CPU
		{03EDD09E-4F05-4EA1-962F-AD52A7EBB223}.Ad-Hoc|iPhone.Build.0 = Release|Any CPU
		{03EDD09E-4F05-4EA1-962F-AD52A7EBB223}.Ad-Hoc|iPhoneSimulator.ActiveCfg = Release|Any CPU
		{03EDD09E-4F05-4EA1-962F-AD52A7EBB223}.Ad-Hoc|iPhoneSimulator.Build.0 = Release|Any CPU
		{03EDD09E-4F05-4EA1-962F-AD52A7EBB223}.Ad-Hoc|x64.ActiveCfg = Release|Any CPU
		{03EDD09E-4F05-4EA1-962F-AD52A7EBB223}.Ad-Hoc|x64.Build.0 = Release|Any CPU
		{03EDD09E-4F05-4EA1-962F-AD52A7EBB223}.Ad-Hoc|x86.ActiveCfg = Release|Any CPU
		{03EDD09E-4F05-4EA1-962F-AD52A7EBB223}.Ad-Hoc|x86.Build.0 = Release|Any CPU
		{03EDD09E-4F05-4EA1-962F-AD52A7EBB223}.AppStore|Any CPU.ActiveCfg = Release|Any CPU
		{03EDD09E-4F05-4EA1-962F-AD52A7EBB223}.AppStore|Any CPU.Build.0 = Release|Any CPU
		{03EDD09E-4F05-4EA1-962F-AD52A7EBB223}.AppStore|ARM.ActiveCfg = Release|Any CPU
		{03EDD09E-4F05-4EA1-962F-AD52A7EBB223}.AppStore|ARM.Build.0 = Release|Any CPU
		{03EDD09E-4F05-4EA1-962F-AD52A7EBB223}.AppStore|iPhone.ActiveCfg = Release|Any CPU
		{03EDD09E-4F05-4EA1-962F-AD52A7EBB223}.AppStore|iPhone.Build.0 = Release|Any CPU
		{03EDD09E-4F05-4EA1-962F-AD52A7EBB223}.AppStore|iPhoneSimulator.ActiveCfg = Release|Any CPU
		{03EDD09E-4F05-4EA1-962F-AD52A7EBB223}.AppStore|iPhoneSimulator.Build.0 = Release|Any CPU
		{03EDD09E-4F05-4EA1-962F-AD52A7EBB223}.AppStore|x64.ActiveCfg = Release|Any CPU
		{03EDD09E-4F05-4EA1-962F-AD52A7EBB223}.AppStore|x64.Build.0 = Release|Any CPU
		{03EDD09E-4F05-4EA1-962F-AD52A7EBB223}.AppStore|x86.ActiveCfg = Release|Any CPU
		{03EDD09E-4F05-4EA1-962F-AD52A7EBB223}.AppStore|x86.Build.0 = Release|Any CPU
		{03EDD09E-4F05-4EA1-962F-AD52A7EBB223}.Debug|Any CPU.ActiveCfg = Debug|Any CPU
		{03EDD09E-4F05-4EA1-962F-AD52A7EBB223}.Debug|Any CPU.Build.0 = Debug|Any CPU
		{03EDD09E-4F05-4EA1-962F-AD52A7EBB223}.Debug|ARM.ActiveCfg = Debug|Any CPU
		{03EDD09E-4F05-4EA1-962F-AD52A7EBB223}.Debug|ARM.Build.0 = Debug|Any CPU
		{03EDD09E-4F05-4EA1-962F-AD52A7EBB223}.Debug|iPhone.ActiveCfg = Debug|Any CPU
		{03EDD09E-4F05-4EA1-962F-AD52A7EBB223}.Debug|iPhone.Build.0 = Debug|Any CPU
		{03EDD09E-4F05-4EA1-962F-AD52A7EBB223}.Debug|iPhoneSimulator.ActiveCfg = Debug|Any CPU
		{03EDD09E-4F05-4EA1-962F-AD52A7EBB223}.Debug|iPhoneSimulator.Build.0 = Debug|Any CPU
		{03EDD09E-4F05-4EA1-962F-AD52A7EBB223}.Debug|x64.ActiveCfg = Debug|Any CPU
		{03EDD09E-4F05-4EA1-962F-AD52A7EBB223}.Debug|x64.Build.0 = Debug|Any CPU
		{03EDD09E-4F05-4EA1-962F-AD52A7EBB223}.Debug|x86.ActiveCfg = Debug|Any CPU
		{03EDD09E-4F05-4EA1-962F-AD52A7EBB223}.Debug|x86.Build.0 = Debug|Any CPU
		{03EDD09E-4F05-4EA1-962F-AD52A7EBB223}.Release|Any CPU.ActiveCfg = Release|Any CPU
		{03EDD09E-4F05-4EA1-962F-AD52A7EBB223}.Release|Any CPU.Build.0 = Release|Any CPU
		{03EDD09E-4F05-4EA1-962F-AD52A7EBB223}.Release|ARM.ActiveCfg = Release|Any CPU
		{03EDD09E-4F05-4EA1-962F-AD52A7EBB223}.Release|ARM.Build.0 = Release|Any CPU
		{03EDD09E-4F05-4EA1-962F-AD52A7EBB223}.Release|iPhone.ActiveCfg = Release|Any CPU
		{03EDD09E-4F05-4EA1-962F-AD52A7EBB223}.Release|iPhone.Build.0 = Release|Any CPU
		{03EDD09E-4F05-4EA1-962F-AD52A7EBB223}.Release|iPhoneSimulator.ActiveCfg = Release|Any CPU
		{03EDD09E-4F05-4EA1-962F-AD52A7EBB223}.Release|iPhoneSimulator.Build.0 = Release|Any CPU
		{03EDD09E-4F05-4EA1-962F-AD52A7EBB223}.Release|x64.ActiveCfg = Release|Any CPU
		{03EDD09E-4F05-4EA1-962F-AD52A7EBB223}.Release|x64.Build.0 = Release|Any CPU
		{03EDD09E-4F05-4EA1-962F-AD52A7EBB223}.Release|x86.ActiveCfg = Release|Any CPU
		{03EDD09E-4F05-4EA1-962F-AD52A7EBB223}.Release|x86.Build.0 = Release|Any CPU
		{1DC9E0F3-5385-4F90-AFE6-ECC226FA76F4}.Ad-Hoc|Any CPU.ActiveCfg = Debug|Any CPU
		{1DC9E0F3-5385-4F90-AFE6-ECC226FA76F4}.Ad-Hoc|Any CPU.Build.0 = Debug|Any CPU
		{1DC9E0F3-5385-4F90-AFE6-ECC226FA76F4}.Ad-Hoc|ARM.ActiveCfg = Debug|Any CPU
		{1DC9E0F3-5385-4F90-AFE6-ECC226FA76F4}.Ad-Hoc|ARM.Build.0 = Debug|Any CPU
		{1DC9E0F3-5385-4F90-AFE6-ECC226FA76F4}.Ad-Hoc|iPhone.ActiveCfg = Debug|Any CPU
		{1DC9E0F3-5385-4F90-AFE6-ECC226FA76F4}.Ad-Hoc|iPhone.Build.0 = Debug|Any CPU
		{1DC9E0F3-5385-4F90-AFE6-ECC226FA76F4}.Ad-Hoc|iPhoneSimulator.ActiveCfg = Debug|Any CPU
		{1DC9E0F3-5385-4F90-AFE6-ECC226FA76F4}.Ad-Hoc|iPhoneSimulator.Build.0 = Debug|Any CPU
		{1DC9E0F3-5385-4F90-AFE6-ECC226FA76F4}.Ad-Hoc|x64.ActiveCfg = Debug|Any CPU
		{1DC9E0F3-5385-4F90-AFE6-ECC226FA76F4}.Ad-Hoc|x64.Build.0 = Debug|Any CPU
		{1DC9E0F3-5385-4F90-AFE6-ECC226FA76F4}.Ad-Hoc|x86.ActiveCfg = Debug|Any CPU
		{1DC9E0F3-5385-4F90-AFE6-ECC226FA76F4}.Ad-Hoc|x86.Build.0 = Debug|Any CPU
		{1DC9E0F3-5385-4F90-AFE6-ECC226FA76F4}.AppStore|Any CPU.ActiveCfg = Debug|Any CPU
		{1DC9E0F3-5385-4F90-AFE6-ECC226FA76F4}.AppStore|Any CPU.Build.0 = Debug|Any CPU
		{1DC9E0F3-5385-4F90-AFE6-ECC226FA76F4}.AppStore|ARM.ActiveCfg = Debug|Any CPU
		{1DC9E0F3-5385-4F90-AFE6-ECC226FA76F4}.AppStore|ARM.Build.0 = Debug|Any CPU
		{1DC9E0F3-5385-4F90-AFE6-ECC226FA76F4}.AppStore|iPhone.ActiveCfg = Debug|Any CPU
		{1DC9E0F3-5385-4F90-AFE6-ECC226FA76F4}.AppStore|iPhone.Build.0 = Debug|Any CPU
		{1DC9E0F3-5385-4F90-AFE6-ECC226FA76F4}.AppStore|iPhoneSimulator.ActiveCfg = Debug|Any CPU
		{1DC9E0F3-5385-4F90-AFE6-ECC226FA76F4}.AppStore|iPhoneSimulator.Build.0 = Debug|Any CPU
		{1DC9E0F3-5385-4F90-AFE6-ECC226FA76F4}.AppStore|x64.ActiveCfg = Debug|Any CPU
		{1DC9E0F3-5385-4F90-AFE6-ECC226FA76F4}.AppStore|x64.Build.0 = Debug|Any CPU
		{1DC9E0F3-5385-4F90-AFE6-ECC226FA76F4}.AppStore|x86.ActiveCfg = Debug|Any CPU
		{1DC9E0F3-5385-4F90-AFE6-ECC226FA76F4}.AppStore|x86.Build.0 = Debug|Any CPU
		{1DC9E0F3-5385-4F90-AFE6-ECC226FA76F4}.Debug|Any CPU.ActiveCfg = Debug|Any CPU
		{1DC9E0F3-5385-4F90-AFE6-ECC226FA76F4}.Debug|Any CPU.Build.0 = Debug|Any CPU
		{1DC9E0F3-5385-4F90-AFE6-ECC226FA76F4}.Debug|ARM.ActiveCfg = Debug|Any CPU
		{1DC9E0F3-5385-4F90-AFE6-ECC226FA76F4}.Debug|ARM.Build.0 = Debug|Any CPU
		{1DC9E0F3-5385-4F90-AFE6-ECC226FA76F4}.Debug|iPhone.ActiveCfg = Debug|Any CPU
		{1DC9E0F3-5385-4F90-AFE6-ECC226FA76F4}.Debug|iPhone.Build.0 = Debug|Any CPU
		{1DC9E0F3-5385-4F90-AFE6-ECC226FA76F4}.Debug|iPhoneSimulator.ActiveCfg = Debug|Any CPU
		{1DC9E0F3-5385-4F90-AFE6-ECC226FA76F4}.Debug|iPhoneSimulator.Build.0 = Debug|Any CPU
		{1DC9E0F3-5385-4F90-AFE6-ECC226FA76F4}.Debug|x64.ActiveCfg = Debug|Any CPU
		{1DC9E0F3-5385-4F90-AFE6-ECC226FA76F4}.Debug|x64.Build.0 = Debug|Any CPU
		{1DC9E0F3-5385-4F90-AFE6-ECC226FA76F4}.Debug|x86.ActiveCfg = Debug|Any CPU
		{1DC9E0F3-5385-4F90-AFE6-ECC226FA76F4}.Debug|x86.Build.0 = Debug|Any CPU
		{1DC9E0F3-5385-4F90-AFE6-ECC226FA76F4}.Release|Any CPU.ActiveCfg = Release|Any CPU
		{1DC9E0F3-5385-4F90-AFE6-ECC226FA76F4}.Release|Any CPU.Build.0 = Release|Any CPU
		{1DC9E0F3-5385-4F90-AFE6-ECC226FA76F4}.Release|ARM.ActiveCfg = Release|Any CPU
		{1DC9E0F3-5385-4F90-AFE6-ECC226FA76F4}.Release|ARM.Build.0 = Release|Any CPU
		{1DC9E0F3-5385-4F90-AFE6-ECC226FA76F4}.Release|iPhone.ActiveCfg = Release|Any CPU
		{1DC9E0F3-5385-4F90-AFE6-ECC226FA76F4}.Release|iPhone.Build.0 = Release|Any CPU
		{1DC9E0F3-5385-4F90-AFE6-ECC226FA76F4}.Release|iPhoneSimulator.ActiveCfg = Release|Any CPU
		{1DC9E0F3-5385-4F90-AFE6-ECC226FA76F4}.Release|iPhoneSimulator.Build.0 = Release|Any CPU
		{1DC9E0F3-5385-4F90-AFE6-ECC226FA76F4}.Release|x64.ActiveCfg = Release|Any CPU
		{1DC9E0F3-5385-4F90-AFE6-ECC226FA76F4}.Release|x64.Build.0 = Release|Any CPU
		{1DC9E0F3-5385-4F90-AFE6-ECC226FA76F4}.Release|x86.ActiveCfg = Release|Any CPU
		{1DC9E0F3-5385-4F90-AFE6-ECC226FA76F4}.Release|x86.Build.0 = Release|Any CPU
		{07C6A18D-B25D-4119-9C1B-7B5928720414}.Ad-Hoc|Any CPU.ActiveCfg = Release|Any CPU
		{07C6A18D-B25D-4119-9C1B-7B5928720414}.Ad-Hoc|Any CPU.Build.0 = Release|Any CPU
		{07C6A18D-B25D-4119-9C1B-7B5928720414}.Ad-Hoc|ARM.ActiveCfg = Release|Any CPU
		{07C6A18D-B25D-4119-9C1B-7B5928720414}.Ad-Hoc|ARM.Build.0 = Release|Any CPU
		{07C6A18D-B25D-4119-9C1B-7B5928720414}.Ad-Hoc|iPhone.ActiveCfg = Release|Any CPU
		{07C6A18D-B25D-4119-9C1B-7B5928720414}.Ad-Hoc|iPhone.Build.0 = Release|Any CPU
		{07C6A18D-B25D-4119-9C1B-7B5928720414}.Ad-Hoc|iPhoneSimulator.ActiveCfg = Release|Any CPU
		{07C6A18D-B25D-4119-9C1B-7B5928720414}.Ad-Hoc|iPhoneSimulator.Build.0 = Release|Any CPU
		{07C6A18D-B25D-4119-9C1B-7B5928720414}.Ad-Hoc|x64.ActiveCfg = Release|Any CPU
		{07C6A18D-B25D-4119-9C1B-7B5928720414}.Ad-Hoc|x64.Build.0 = Release|Any CPU
		{07C6A18D-B25D-4119-9C1B-7B5928720414}.Ad-Hoc|x86.ActiveCfg = Release|Any CPU
		{07C6A18D-B25D-4119-9C1B-7B5928720414}.Ad-Hoc|x86.Build.0 = Release|Any CPU
		{07C6A18D-B25D-4119-9C1B-7B5928720414}.AppStore|Any CPU.ActiveCfg = Release|Any CPU
		{07C6A18D-B25D-4119-9C1B-7B5928720414}.AppStore|Any CPU.Build.0 = Release|Any CPU
		{07C6A18D-B25D-4119-9C1B-7B5928720414}.AppStore|ARM.ActiveCfg = Release|Any CPU
		{07C6A18D-B25D-4119-9C1B-7B5928720414}.AppStore|ARM.Build.0 = Release|Any CPU
		{07C6A18D-B25D-4119-9C1B-7B5928720414}.AppStore|iPhone.ActiveCfg = Release|Any CPU
		{07C6A18D-B25D-4119-9C1B-7B5928720414}.AppStore|iPhone.Build.0 = Release|Any CPU
		{07C6A18D-B25D-4119-9C1B-7B5928720414}.AppStore|iPhoneSimulator.ActiveCfg = Release|Any CPU
		{07C6A18D-B25D-4119-9C1B-7B5928720414}.AppStore|iPhoneSimulator.Build.0 = Release|Any CPU
		{07C6A18D-B25D-4119-9C1B-7B5928720414}.AppStore|x64.ActiveCfg = Release|Any CPU
		{07C6A18D-B25D-4119-9C1B-7B5928720414}.AppStore|x64.Build.0 = Release|Any CPU
		{07C6A18D-B25D-4119-9C1B-7B5928720414}.AppStore|x86.ActiveCfg = Release|Any CPU
		{07C6A18D-B25D-4119-9C1B-7B5928720414}.AppStore|x86.Build.0 = Release|Any CPU
		{07C6A18D-B25D-4119-9C1B-7B5928720414}.Debug|Any CPU.ActiveCfg = Debug|Any CPU
		{07C6A18D-B25D-4119-9C1B-7B5928720414}.Debug|Any CPU.Build.0 = Debug|Any CPU
		{07C6A18D-B25D-4119-9C1B-7B5928720414}.Debug|ARM.ActiveCfg = Debug|Any CPU
		{07C6A18D-B25D-4119-9C1B-7B5928720414}.Debug|ARM.Build.0 = Debug|Any CPU
		{07C6A18D-B25D-4119-9C1B-7B5928720414}.Debug|iPhone.ActiveCfg = Debug|Any CPU
		{07C6A18D-B25D-4119-9C1B-7B5928720414}.Debug|iPhone.Build.0 = Debug|Any CPU
		{07C6A18D-B25D-4119-9C1B-7B5928720414}.Debug|iPhoneSimulator.ActiveCfg = Debug|Any CPU
		{07C6A18D-B25D-4119-9C1B-7B5928720414}.Debug|iPhoneSimulator.Build.0 = Debug|Any CPU
		{07C6A18D-B25D-4119-9C1B-7B5928720414}.Debug|x64.ActiveCfg = Debug|Any CPU
		{07C6A18D-B25D-4119-9C1B-7B5928720414}.Debug|x64.Build.0 = Debug|Any CPU
		{07C6A18D-B25D-4119-9C1B-7B5928720414}.Debug|x86.ActiveCfg = Debug|Any CPU
		{07C6A18D-B25D-4119-9C1B-7B5928720414}.Debug|x86.Build.0 = Debug|Any CPU
		{07C6A18D-B25D-4119-9C1B-7B5928720414}.Release|Any CPU.ActiveCfg = Release|Any CPU
		{07C6A18D-B25D-4119-9C1B-7B5928720414}.Release|Any CPU.Build.0 = Release|Any CPU
		{07C6A18D-B25D-4119-9C1B-7B5928720414}.Release|ARM.ActiveCfg = Release|Any CPU
		{07C6A18D-B25D-4119-9C1B-7B5928720414}.Release|ARM.Build.0 = Release|Any CPU
		{07C6A18D-B25D-4119-9C1B-7B5928720414}.Release|iPhone.ActiveCfg = Release|Any CPU
		{07C6A18D-B25D-4119-9C1B-7B5928720414}.Release|iPhone.Build.0 = Release|Any CPU
		{07C6A18D-B25D-4119-9C1B-7B5928720414}.Release|iPhoneSimulator.ActiveCfg = Release|Any CPU
		{07C6A18D-B25D-4119-9C1B-7B5928720414}.Release|iPhoneSimulator.Build.0 = Release|Any CPU
		{07C6A18D-B25D-4119-9C1B-7B5928720414}.Release|x64.ActiveCfg = Release|Any CPU
		{07C6A18D-B25D-4119-9C1B-7B5928720414}.Release|x64.Build.0 = Release|Any CPU
		{07C6A18D-B25D-4119-9C1B-7B5928720414}.Release|x86.ActiveCfg = Release|Any CPU
		{07C6A18D-B25D-4119-9C1B-7B5928720414}.Release|x86.Build.0 = Release|Any CPU
		{34A644B3-23E3-4261-A6B5-AD5993BFC987}.Ad-Hoc|Any CPU.ActiveCfg = Release|Any CPU
		{34A644B3-23E3-4261-A6B5-AD5993BFC987}.Ad-Hoc|Any CPU.Build.0 = Release|Any CPU
		{34A644B3-23E3-4261-A6B5-AD5993BFC987}.Ad-Hoc|ARM.ActiveCfg = Release|Any CPU
		{34A644B3-23E3-4261-A6B5-AD5993BFC987}.Ad-Hoc|ARM.Build.0 = Release|Any CPU
		{34A644B3-23E3-4261-A6B5-AD5993BFC987}.Ad-Hoc|iPhone.ActiveCfg = Release|Any CPU
		{34A644B3-23E3-4261-A6B5-AD5993BFC987}.Ad-Hoc|iPhone.Build.0 = Release|Any CPU
		{34A644B3-23E3-4261-A6B5-AD5993BFC987}.Ad-Hoc|iPhoneSimulator.ActiveCfg = Release|Any CPU
		{34A644B3-23E3-4261-A6B5-AD5993BFC987}.Ad-Hoc|iPhoneSimulator.Build.0 = Release|Any CPU
		{34A644B3-23E3-4261-A6B5-AD5993BFC987}.Ad-Hoc|x64.ActiveCfg = Release|Any CPU
		{34A644B3-23E3-4261-A6B5-AD5993BFC987}.Ad-Hoc|x64.Build.0 = Release|Any CPU
		{34A644B3-23E3-4261-A6B5-AD5993BFC987}.Ad-Hoc|x86.ActiveCfg = Release|Any CPU
		{34A644B3-23E3-4261-A6B5-AD5993BFC987}.Ad-Hoc|x86.Build.0 = Release|Any CPU
		{34A644B3-23E3-4261-A6B5-AD5993BFC987}.AppStore|Any CPU.ActiveCfg = Release|Any CPU
		{34A644B3-23E3-4261-A6B5-AD5993BFC987}.AppStore|Any CPU.Build.0 = Release|Any CPU
		{34A644B3-23E3-4261-A6B5-AD5993BFC987}.AppStore|ARM.ActiveCfg = Release|Any CPU
		{34A644B3-23E3-4261-A6B5-AD5993BFC987}.AppStore|ARM.Build.0 = Release|Any CPU
		{34A644B3-23E3-4261-A6B5-AD5993BFC987}.AppStore|iPhone.ActiveCfg = Release|Any CPU
		{34A644B3-23E3-4261-A6B5-AD5993BFC987}.AppStore|iPhone.Build.0 = Release|Any CPU
		{34A644B3-23E3-4261-A6B5-AD5993BFC987}.AppStore|iPhoneSimulator.ActiveCfg = Release|Any CPU
		{34A644B3-23E3-4261-A6B5-AD5993BFC987}.AppStore|iPhoneSimulator.Build.0 = Release|Any CPU
		{34A644B3-23E3-4261-A6B5-AD5993BFC987}.AppStore|x64.ActiveCfg = Release|Any CPU
		{34A644B3-23E3-4261-A6B5-AD5993BFC987}.AppStore|x64.Build.0 = Release|Any CPU
		{34A644B3-23E3-4261-A6B5-AD5993BFC987}.AppStore|x86.ActiveCfg = Release|Any CPU
		{34A644B3-23E3-4261-A6B5-AD5993BFC987}.AppStore|x86.Build.0 = Release|Any CPU
		{34A644B3-23E3-4261-A6B5-AD5993BFC987}.Debug|Any CPU.ActiveCfg = Debug|Any CPU
		{34A644B3-23E3-4261-A6B5-AD5993BFC987}.Debug|Any CPU.Build.0 = Debug|Any CPU
		{34A644B3-23E3-4261-A6B5-AD5993BFC987}.Debug|ARM.ActiveCfg = Debug|Any CPU
		{34A644B3-23E3-4261-A6B5-AD5993BFC987}.Debug|ARM.Build.0 = Debug|Any CPU
		{34A644B3-23E3-4261-A6B5-AD5993BFC987}.Debug|iPhone.ActiveCfg = Debug|Any CPU
		{34A644B3-23E3-4261-A6B5-AD5993BFC987}.Debug|iPhone.Build.0 = Debug|Any CPU
		{34A644B3-23E3-4261-A6B5-AD5993BFC987}.Debug|iPhoneSimulator.ActiveCfg = Debug|Any CPU
		{34A644B3-23E3-4261-A6B5-AD5993BFC987}.Debug|iPhoneSimulator.Build.0 = Debug|Any CPU
		{34A644B3-23E3-4261-A6B5-AD5993BFC987}.Debug|x64.ActiveCfg = Debug|Any CPU
		{34A644B3-23E3-4261-A6B5-AD5993BFC987}.Debug|x64.Build.0 = Debug|Any CPU
		{34A644B3-23E3-4261-A6B5-AD5993BFC987}.Debug|x86.ActiveCfg = Debug|Any CPU
		{34A644B3-23E3-4261-A6B5-AD5993BFC987}.Debug|x86.Build.0 = Debug|Any CPU
		{34A644B3-23E3-4261-A6B5-AD5993BFC987}.Release|Any CPU.ActiveCfg = Release|Any CPU
		{34A644B3-23E3-4261-A6B5-AD5993BFC987}.Release|Any CPU.Build.0 = Release|Any CPU
		{34A644B3-23E3-4261-A6B5-AD5993BFC987}.Release|ARM.ActiveCfg = Release|Any CPU
		{34A644B3-23E3-4261-A6B5-AD5993BFC987}.Release|ARM.Build.0 = Release|Any CPU
		{34A644B3-23E3-4261-A6B5-AD5993BFC987}.Release|iPhone.ActiveCfg = Release|Any CPU
		{34A644B3-23E3-4261-A6B5-AD5993BFC987}.Release|iPhone.Build.0 = Release|Any CPU
		{34A644B3-23E3-4261-A6B5-AD5993BFC987}.Release|iPhoneSimulator.ActiveCfg = Release|Any CPU
		{34A644B3-23E3-4261-A6B5-AD5993BFC987}.Release|iPhoneSimulator.Build.0 = Release|Any CPU
		{34A644B3-23E3-4261-A6B5-AD5993BFC987}.Release|x64.ActiveCfg = Release|Any CPU
		{34A644B3-23E3-4261-A6B5-AD5993BFC987}.Release|x64.Build.0 = Release|Any CPU
		{34A644B3-23E3-4261-A6B5-AD5993BFC987}.Release|x86.ActiveCfg = Release|Any CPU
		{34A644B3-23E3-4261-A6B5-AD5993BFC987}.Release|x86.Build.0 = Release|Any CPU
		{3ECA5BAB-B998-475A-AFFF-76D03253D082}.Ad-Hoc|Any CPU.ActiveCfg = Release|Any CPU
		{3ECA5BAB-B998-475A-AFFF-76D03253D082}.Ad-Hoc|Any CPU.Build.0 = Release|Any CPU
		{3ECA5BAB-B998-475A-AFFF-76D03253D082}.Ad-Hoc|Any CPU.Deploy.0 = Release|Any CPU
		{3ECA5BAB-B998-475A-AFFF-76D03253D082}.Ad-Hoc|ARM.ActiveCfg = Release|Any CPU
		{3ECA5BAB-B998-475A-AFFF-76D03253D082}.Ad-Hoc|ARM.Build.0 = Release|Any CPU
		{3ECA5BAB-B998-475A-AFFF-76D03253D082}.Ad-Hoc|ARM.Deploy.0 = Release|Any CPU
		{3ECA5BAB-B998-475A-AFFF-76D03253D082}.Ad-Hoc|iPhone.ActiveCfg = Release|Any CPU
		{3ECA5BAB-B998-475A-AFFF-76D03253D082}.Ad-Hoc|iPhone.Build.0 = Release|Any CPU
		{3ECA5BAB-B998-475A-AFFF-76D03253D082}.Ad-Hoc|iPhone.Deploy.0 = Release|Any CPU
		{3ECA5BAB-B998-475A-AFFF-76D03253D082}.Ad-Hoc|iPhoneSimulator.ActiveCfg = Release|Any CPU
		{3ECA5BAB-B998-475A-AFFF-76D03253D082}.Ad-Hoc|iPhoneSimulator.Build.0 = Release|Any CPU
		{3ECA5BAB-B998-475A-AFFF-76D03253D082}.Ad-Hoc|iPhoneSimulator.Deploy.0 = Release|Any CPU
		{3ECA5BAB-B998-475A-AFFF-76D03253D082}.Ad-Hoc|x64.ActiveCfg = Release|Any CPU
		{3ECA5BAB-B998-475A-AFFF-76D03253D082}.Ad-Hoc|x64.Build.0 = Release|Any CPU
		{3ECA5BAB-B998-475A-AFFF-76D03253D082}.Ad-Hoc|x64.Deploy.0 = Release|Any CPU
		{3ECA5BAB-B998-475A-AFFF-76D03253D082}.Ad-Hoc|x86.ActiveCfg = Release|Any CPU
		{3ECA5BAB-B998-475A-AFFF-76D03253D082}.Ad-Hoc|x86.Build.0 = Release|Any CPU
		{3ECA5BAB-B998-475A-AFFF-76D03253D082}.Ad-Hoc|x86.Deploy.0 = Release|Any CPU
		{3ECA5BAB-B998-475A-AFFF-76D03253D082}.AppStore|Any CPU.ActiveCfg = Release|Any CPU
		{3ECA5BAB-B998-475A-AFFF-76D03253D082}.AppStore|Any CPU.Build.0 = Release|Any CPU
		{3ECA5BAB-B998-475A-AFFF-76D03253D082}.AppStore|Any CPU.Deploy.0 = Release|Any CPU
		{3ECA5BAB-B998-475A-AFFF-76D03253D082}.AppStore|ARM.ActiveCfg = Release|Any CPU
		{3ECA5BAB-B998-475A-AFFF-76D03253D082}.AppStore|ARM.Build.0 = Release|Any CPU
		{3ECA5BAB-B998-475A-AFFF-76D03253D082}.AppStore|ARM.Deploy.0 = Release|Any CPU
		{3ECA5BAB-B998-475A-AFFF-76D03253D082}.AppStore|iPhone.ActiveCfg = Release|Any CPU
		{3ECA5BAB-B998-475A-AFFF-76D03253D082}.AppStore|iPhone.Build.0 = Release|Any CPU
		{3ECA5BAB-B998-475A-AFFF-76D03253D082}.AppStore|iPhone.Deploy.0 = Release|Any CPU
		{3ECA5BAB-B998-475A-AFFF-76D03253D082}.AppStore|iPhoneSimulator.ActiveCfg = Release|Any CPU
		{3ECA5BAB-B998-475A-AFFF-76D03253D082}.AppStore|iPhoneSimulator.Build.0 = Release|Any CPU
		{3ECA5BAB-B998-475A-AFFF-76D03253D082}.AppStore|iPhoneSimulator.Deploy.0 = Release|Any CPU
		{3ECA5BAB-B998-475A-AFFF-76D03253D082}.AppStore|x64.ActiveCfg = Release|Any CPU
		{3ECA5BAB-B998-475A-AFFF-76D03253D082}.AppStore|x64.Build.0 = Release|Any CPU
		{3ECA5BAB-B998-475A-AFFF-76D03253D082}.AppStore|x64.Deploy.0 = Release|Any CPU
		{3ECA5BAB-B998-475A-AFFF-76D03253D082}.AppStore|x86.ActiveCfg = Release|Any CPU
		{3ECA5BAB-B998-475A-AFFF-76D03253D082}.AppStore|x86.Build.0 = Release|Any CPU
		{3ECA5BAB-B998-475A-AFFF-76D03253D082}.AppStore|x86.Deploy.0 = Release|Any CPU
		{3ECA5BAB-B998-475A-AFFF-76D03253D082}.Debug|Any CPU.ActiveCfg = Debug|Any CPU
		{3ECA5BAB-B998-475A-AFFF-76D03253D082}.Debug|Any CPU.Build.0 = Debug|Any CPU
		{3ECA5BAB-B998-475A-AFFF-76D03253D082}.Debug|Any CPU.Deploy.0 = Debug|Any CPU
		{3ECA5BAB-B998-475A-AFFF-76D03253D082}.Debug|ARM.ActiveCfg = Debug|Any CPU
		{3ECA5BAB-B998-475A-AFFF-76D03253D082}.Debug|ARM.Build.0 = Debug|Any CPU
		{3ECA5BAB-B998-475A-AFFF-76D03253D082}.Debug|ARM.Deploy.0 = Debug|Any CPU
		{3ECA5BAB-B998-475A-AFFF-76D03253D082}.Debug|iPhone.ActiveCfg = Debug|Any CPU
		{3ECA5BAB-B998-475A-AFFF-76D03253D082}.Debug|iPhone.Build.0 = Debug|Any CPU
		{3ECA5BAB-B998-475A-AFFF-76D03253D082}.Debug|iPhone.Deploy.0 = Debug|Any CPU
		{3ECA5BAB-B998-475A-AFFF-76D03253D082}.Debug|iPhoneSimulator.ActiveCfg = Debug|Any CPU
		{3ECA5BAB-B998-475A-AFFF-76D03253D082}.Debug|iPhoneSimulator.Build.0 = Debug|Any CPU
		{3ECA5BAB-B998-475A-AFFF-76D03253D082}.Debug|iPhoneSimulator.Deploy.0 = Debug|Any CPU
		{3ECA5BAB-B998-475A-AFFF-76D03253D082}.Debug|x64.ActiveCfg = Debug|Any CPU
		{3ECA5BAB-B998-475A-AFFF-76D03253D082}.Debug|x64.Build.0 = Debug|Any CPU
		{3ECA5BAB-B998-475A-AFFF-76D03253D082}.Debug|x64.Deploy.0 = Debug|Any CPU
		{3ECA5BAB-B998-475A-AFFF-76D03253D082}.Debug|x86.ActiveCfg = Debug|Any CPU
		{3ECA5BAB-B998-475A-AFFF-76D03253D082}.Debug|x86.Build.0 = Debug|Any CPU
		{3ECA5BAB-B998-475A-AFFF-76D03253D082}.Debug|x86.Deploy.0 = Debug|Any CPU
		{3ECA5BAB-B998-475A-AFFF-76D03253D082}.Release|Any CPU.ActiveCfg = Release|Any CPU
		{3ECA5BAB-B998-475A-AFFF-76D03253D082}.Release|Any CPU.Build.0 = Release|Any CPU
		{3ECA5BAB-B998-475A-AFFF-76D03253D082}.Release|Any CPU.Deploy.0 = Release|Any CPU
		{3ECA5BAB-B998-475A-AFFF-76D03253D082}.Release|ARM.ActiveCfg = Release|Any CPU
		{3ECA5BAB-B998-475A-AFFF-76D03253D082}.Release|ARM.Build.0 = Release|Any CPU
		{3ECA5BAB-B998-475A-AFFF-76D03253D082}.Release|ARM.Deploy.0 = Release|Any CPU
		{3ECA5BAB-B998-475A-AFFF-76D03253D082}.Release|iPhone.ActiveCfg = Release|Any CPU
		{3ECA5BAB-B998-475A-AFFF-76D03253D082}.Release|iPhone.Build.0 = Release|Any CPU
		{3ECA5BAB-B998-475A-AFFF-76D03253D082}.Release|iPhone.Deploy.0 = Release|Any CPU
		{3ECA5BAB-B998-475A-AFFF-76D03253D082}.Release|iPhoneSimulator.ActiveCfg = Release|Any CPU
		{3ECA5BAB-B998-475A-AFFF-76D03253D082}.Release|iPhoneSimulator.Build.0 = Release|Any CPU
		{3ECA5BAB-B998-475A-AFFF-76D03253D082}.Release|iPhoneSimulator.Deploy.0 = Release|Any CPU
		{3ECA5BAB-B998-475A-AFFF-76D03253D082}.Release|x64.ActiveCfg = Release|Any CPU
		{3ECA5BAB-B998-475A-AFFF-76D03253D082}.Release|x64.Build.0 = Release|Any CPU
		{3ECA5BAB-B998-475A-AFFF-76D03253D082}.Release|x64.Deploy.0 = Release|Any CPU
		{3ECA5BAB-B998-475A-AFFF-76D03253D082}.Release|x86.ActiveCfg = Release|Any CPU
		{3ECA5BAB-B998-475A-AFFF-76D03253D082}.Release|x86.Build.0 = Release|Any CPU
		{3ECA5BAB-B998-475A-AFFF-76D03253D082}.Release|x86.Deploy.0 = Release|Any CPU
		{76495AA4-C18C-4EBC-BDA2-78478C68DDDC}.Ad-Hoc|Any CPU.ActiveCfg = Release|Any CPU
		{76495AA4-C18C-4EBC-BDA2-78478C68DDDC}.Ad-Hoc|Any CPU.Build.0 = Release|Any CPU
		{76495AA4-C18C-4EBC-BDA2-78478C68DDDC}.Ad-Hoc|Any CPU.Deploy.0 = Release|Any CPU
		{76495AA4-C18C-4EBC-BDA2-78478C68DDDC}.Ad-Hoc|ARM.ActiveCfg = Release|ARM
		{76495AA4-C18C-4EBC-BDA2-78478C68DDDC}.Ad-Hoc|ARM.Build.0 = Release|ARM
		{76495AA4-C18C-4EBC-BDA2-78478C68DDDC}.Ad-Hoc|ARM.Deploy.0 = Release|ARM
		{76495AA4-C18C-4EBC-BDA2-78478C68DDDC}.Ad-Hoc|iPhone.ActiveCfg = Release|Any CPU
		{76495AA4-C18C-4EBC-BDA2-78478C68DDDC}.Ad-Hoc|iPhone.Build.0 = Release|Any CPU
		{76495AA4-C18C-4EBC-BDA2-78478C68DDDC}.Ad-Hoc|iPhone.Deploy.0 = Release|Any CPU
		{76495AA4-C18C-4EBC-BDA2-78478C68DDDC}.Ad-Hoc|iPhoneSimulator.ActiveCfg = Release|Any CPU
		{76495AA4-C18C-4EBC-BDA2-78478C68DDDC}.Ad-Hoc|iPhoneSimulator.Build.0 = Release|Any CPU
		{76495AA4-C18C-4EBC-BDA2-78478C68DDDC}.Ad-Hoc|iPhoneSimulator.Deploy.0 = Release|Any CPU
		{76495AA4-C18C-4EBC-BDA2-78478C68DDDC}.Ad-Hoc|x64.ActiveCfg = Release|Any CPU
		{76495AA4-C18C-4EBC-BDA2-78478C68DDDC}.Ad-Hoc|x64.Build.0 = Release|Any CPU
		{76495AA4-C18C-4EBC-BDA2-78478C68DDDC}.Ad-Hoc|x64.Deploy.0 = Release|Any CPU
		{76495AA4-C18C-4EBC-BDA2-78478C68DDDC}.Ad-Hoc|x86.ActiveCfg = Release|x86
		{76495AA4-C18C-4EBC-BDA2-78478C68DDDC}.Ad-Hoc|x86.Build.0 = Release|x86
		{76495AA4-C18C-4EBC-BDA2-78478C68DDDC}.Ad-Hoc|x86.Deploy.0 = Release|x86
		{76495AA4-C18C-4EBC-BDA2-78478C68DDDC}.AppStore|Any CPU.ActiveCfg = Release|Any CPU
		{76495AA4-C18C-4EBC-BDA2-78478C68DDDC}.AppStore|Any CPU.Build.0 = Release|Any CPU
		{76495AA4-C18C-4EBC-BDA2-78478C68DDDC}.AppStore|Any CPU.Deploy.0 = Release|Any CPU
		{76495AA4-C18C-4EBC-BDA2-78478C68DDDC}.AppStore|ARM.ActiveCfg = Release|ARM
		{76495AA4-C18C-4EBC-BDA2-78478C68DDDC}.AppStore|ARM.Build.0 = Release|ARM
		{76495AA4-C18C-4EBC-BDA2-78478C68DDDC}.AppStore|ARM.Deploy.0 = Release|ARM
		{76495AA4-C18C-4EBC-BDA2-78478C68DDDC}.AppStore|iPhone.ActiveCfg = Release|Any CPU
		{76495AA4-C18C-4EBC-BDA2-78478C68DDDC}.AppStore|iPhone.Build.0 = Release|Any CPU
		{76495AA4-C18C-4EBC-BDA2-78478C68DDDC}.AppStore|iPhone.Deploy.0 = Release|Any CPU
		{76495AA4-C18C-4EBC-BDA2-78478C68DDDC}.AppStore|iPhoneSimulator.ActiveCfg = Release|Any CPU
		{76495AA4-C18C-4EBC-BDA2-78478C68DDDC}.AppStore|iPhoneSimulator.Build.0 = Release|Any CPU
		{76495AA4-C18C-4EBC-BDA2-78478C68DDDC}.AppStore|iPhoneSimulator.Deploy.0 = Release|Any CPU
		{76495AA4-C18C-4EBC-BDA2-78478C68DDDC}.AppStore|x64.ActiveCfg = Release|Any CPU
		{76495AA4-C18C-4EBC-BDA2-78478C68DDDC}.AppStore|x64.Build.0 = Release|Any CPU
		{76495AA4-C18C-4EBC-BDA2-78478C68DDDC}.AppStore|x64.Deploy.0 = Release|Any CPU
		{76495AA4-C18C-4EBC-BDA2-78478C68DDDC}.AppStore|x86.ActiveCfg = Release|x86
		{76495AA4-C18C-4EBC-BDA2-78478C68DDDC}.AppStore|x86.Build.0 = Release|x86
		{76495AA4-C18C-4EBC-BDA2-78478C68DDDC}.AppStore|x86.Deploy.0 = Release|x86
		{76495AA4-C18C-4EBC-BDA2-78478C68DDDC}.Debug|Any CPU.ActiveCfg = Debug|Any CPU
		{76495AA4-C18C-4EBC-BDA2-78478C68DDDC}.Debug|Any CPU.Build.0 = Debug|Any CPU
		{76495AA4-C18C-4EBC-BDA2-78478C68DDDC}.Debug|Any CPU.Deploy.0 = Debug|Any CPU
		{76495AA4-C18C-4EBC-BDA2-78478C68DDDC}.Debug|ARM.ActiveCfg = Debug|ARM
		{76495AA4-C18C-4EBC-BDA2-78478C68DDDC}.Debug|ARM.Build.0 = Debug|ARM
		{76495AA4-C18C-4EBC-BDA2-78478C68DDDC}.Debug|ARM.Deploy.0 = Debug|ARM
		{76495AA4-C18C-4EBC-BDA2-78478C68DDDC}.Debug|iPhone.ActiveCfg = Debug|Any CPU
		{76495AA4-C18C-4EBC-BDA2-78478C68DDDC}.Debug|iPhone.Build.0 = Debug|Any CPU
		{76495AA4-C18C-4EBC-BDA2-78478C68DDDC}.Debug|iPhone.Deploy.0 = Debug|Any CPU
		{76495AA4-C18C-4EBC-BDA2-78478C68DDDC}.Debug|iPhoneSimulator.ActiveCfg = Debug|Any CPU
		{76495AA4-C18C-4EBC-BDA2-78478C68DDDC}.Debug|iPhoneSimulator.Build.0 = Debug|Any CPU
		{76495AA4-C18C-4EBC-BDA2-78478C68DDDC}.Debug|iPhoneSimulator.Deploy.0 = Debug|Any CPU
		{76495AA4-C18C-4EBC-BDA2-78478C68DDDC}.Debug|x64.ActiveCfg = Debug|Any CPU
		{76495AA4-C18C-4EBC-BDA2-78478C68DDDC}.Debug|x64.Build.0 = Debug|Any CPU
		{76495AA4-C18C-4EBC-BDA2-78478C68DDDC}.Debug|x64.Deploy.0 = Debug|Any CPU
		{76495AA4-C18C-4EBC-BDA2-78478C68DDDC}.Debug|x86.ActiveCfg = Debug|x86
		{76495AA4-C18C-4EBC-BDA2-78478C68DDDC}.Debug|x86.Build.0 = Debug|x86
		{76495AA4-C18C-4EBC-BDA2-78478C68DDDC}.Debug|x86.Deploy.0 = Debug|x86
		{76495AA4-C18C-4EBC-BDA2-78478C68DDDC}.Release|Any CPU.ActiveCfg = Release|Any CPU
		{76495AA4-C18C-4EBC-BDA2-78478C68DDDC}.Release|Any CPU.Build.0 = Release|Any CPU
		{76495AA4-C18C-4EBC-BDA2-78478C68DDDC}.Release|Any CPU.Deploy.0 = Release|Any CPU
		{76495AA4-C18C-4EBC-BDA2-78478C68DDDC}.Release|ARM.ActiveCfg = Release|ARM
		{76495AA4-C18C-4EBC-BDA2-78478C68DDDC}.Release|ARM.Build.0 = Release|ARM
		{76495AA4-C18C-4EBC-BDA2-78478C68DDDC}.Release|ARM.Deploy.0 = Release|ARM
		{76495AA4-C18C-4EBC-BDA2-78478C68DDDC}.Release|iPhone.ActiveCfg = Release|Any CPU
		{76495AA4-C18C-4EBC-BDA2-78478C68DDDC}.Release|iPhone.Build.0 = Release|Any CPU
		{76495AA4-C18C-4EBC-BDA2-78478C68DDDC}.Release|iPhone.Deploy.0 = Release|Any CPU
		{76495AA4-C18C-4EBC-BDA2-78478C68DDDC}.Release|iPhoneSimulator.ActiveCfg = Release|Any CPU
		{76495AA4-C18C-4EBC-BDA2-78478C68DDDC}.Release|iPhoneSimulator.Build.0 = Release|Any CPU
		{76495AA4-C18C-4EBC-BDA2-78478C68DDDC}.Release|iPhoneSimulator.Deploy.0 = Release|Any CPU
		{76495AA4-C18C-4EBC-BDA2-78478C68DDDC}.Release|x64.ActiveCfg = Release|Any CPU
		{76495AA4-C18C-4EBC-BDA2-78478C68DDDC}.Release|x64.Build.0 = Release|Any CPU
		{76495AA4-C18C-4EBC-BDA2-78478C68DDDC}.Release|x64.Deploy.0 = Release|Any CPU
		{76495AA4-C18C-4EBC-BDA2-78478C68DDDC}.Release|x86.ActiveCfg = Release|x86
		{76495AA4-C18C-4EBC-BDA2-78478C68DDDC}.Release|x86.Build.0 = Release|x86
		{76495AA4-C18C-4EBC-BDA2-78478C68DDDC}.Release|x86.Deploy.0 = Release|x86
		{D34AB81F-569B-47BF-B748-56DC1E3EE581}.Ad-Hoc|Any CPU.ActiveCfg = Release|Any CPU
		{D34AB81F-569B-47BF-B748-56DC1E3EE581}.Ad-Hoc|Any CPU.Build.0 = Release|Any CPU
		{D34AB81F-569B-47BF-B748-56DC1E3EE581}.Ad-Hoc|ARM.ActiveCfg = Release|Any CPU
		{D34AB81F-569B-47BF-B748-56DC1E3EE581}.Ad-Hoc|ARM.Build.0 = Release|Any CPU
		{D34AB81F-569B-47BF-B748-56DC1E3EE581}.Ad-Hoc|iPhone.ActiveCfg = Release|Any CPU
		{D34AB81F-569B-47BF-B748-56DC1E3EE581}.Ad-Hoc|iPhone.Build.0 = Release|Any CPU
		{D34AB81F-569B-47BF-B748-56DC1E3EE581}.Ad-Hoc|iPhoneSimulator.ActiveCfg = Release|Any CPU
		{D34AB81F-569B-47BF-B748-56DC1E3EE581}.Ad-Hoc|iPhoneSimulator.Build.0 = Release|Any CPU
		{D34AB81F-569B-47BF-B748-56DC1E3EE581}.Ad-Hoc|x64.ActiveCfg = Release|Any CPU
		{D34AB81F-569B-47BF-B748-56DC1E3EE581}.Ad-Hoc|x64.Build.0 = Release|Any CPU
		{D34AB81F-569B-47BF-B748-56DC1E3EE581}.Ad-Hoc|x86.ActiveCfg = Release|Any CPU
		{D34AB81F-569B-47BF-B748-56DC1E3EE581}.Ad-Hoc|x86.Build.0 = Release|Any CPU
		{D34AB81F-569B-47BF-B748-56DC1E3EE581}.AppStore|Any CPU.ActiveCfg = Release|Any CPU
		{D34AB81F-569B-47BF-B748-56DC1E3EE581}.AppStore|Any CPU.Build.0 = Release|Any CPU
		{D34AB81F-569B-47BF-B748-56DC1E3EE581}.AppStore|ARM.ActiveCfg = Release|Any CPU
		{D34AB81F-569B-47BF-B748-56DC1E3EE581}.AppStore|ARM.Build.0 = Release|Any CPU
		{D34AB81F-569B-47BF-B748-56DC1E3EE581}.AppStore|iPhone.ActiveCfg = Release|Any CPU
		{D34AB81F-569B-47BF-B748-56DC1E3EE581}.AppStore|iPhone.Build.0 = Release|Any CPU
		{D34AB81F-569B-47BF-B748-56DC1E3EE581}.AppStore|iPhoneSimulator.ActiveCfg = Release|Any CPU
		{D34AB81F-569B-47BF-B748-56DC1E3EE581}.AppStore|iPhoneSimulator.Build.0 = Release|Any CPU
		{D34AB81F-569B-47BF-B748-56DC1E3EE581}.AppStore|x64.ActiveCfg = Release|Any CPU
		{D34AB81F-569B-47BF-B748-56DC1E3EE581}.AppStore|x64.Build.0 = Release|Any CPU
		{D34AB81F-569B-47BF-B748-56DC1E3EE581}.AppStore|x86.ActiveCfg = Release|Any CPU
		{D34AB81F-569B-47BF-B748-56DC1E3EE581}.AppStore|x86.Build.0 = Release|Any CPU
		{D34AB81F-569B-47BF-B748-56DC1E3EE581}.Debug|Any CPU.ActiveCfg = Debug|Any CPU
		{D34AB81F-569B-47BF-B748-56DC1E3EE581}.Debug|Any CPU.Build.0 = Debug|Any CPU
		{D34AB81F-569B-47BF-B748-56DC1E3EE581}.Debug|ARM.ActiveCfg = Debug|Any CPU
		{D34AB81F-569B-47BF-B748-56DC1E3EE581}.Debug|ARM.Build.0 = Debug|Any CPU
		{D34AB81F-569B-47BF-B748-56DC1E3EE581}.Debug|iPhone.ActiveCfg = Debug|Any CPU
		{D34AB81F-569B-47BF-B748-56DC1E3EE581}.Debug|iPhone.Build.0 = Debug|Any CPU
		{D34AB81F-569B-47BF-B748-56DC1E3EE581}.Debug|iPhoneSimulator.ActiveCfg = Debug|Any CPU
		{D34AB81F-569B-47BF-B748-56DC1E3EE581}.Debug|iPhoneSimulator.Build.0 = Debug|Any CPU
		{D34AB81F-569B-47BF-B748-56DC1E3EE581}.Debug|x64.ActiveCfg = Debug|Any CPU
		{D34AB81F-569B-47BF-B748-56DC1E3EE581}.Debug|x64.Build.0 = Debug|Any CPU
		{D34AB81F-569B-47BF-B748-56DC1E3EE581}.Debug|x86.ActiveCfg = Debug|Any CPU
		{D34AB81F-569B-47BF-B748-56DC1E3EE581}.Debug|x86.Build.0 = Debug|Any CPU
		{D34AB81F-569B-47BF-B748-56DC1E3EE581}.Release|Any CPU.ActiveCfg = Release|Any CPU
		{D34AB81F-569B-47BF-B748-56DC1E3EE581}.Release|Any CPU.Build.0 = Release|Any CPU
		{D34AB81F-569B-47BF-B748-56DC1E3EE581}.Release|ARM.ActiveCfg = Release|Any CPU
		{D34AB81F-569B-47BF-B748-56DC1E3EE581}.Release|ARM.Build.0 = Release|Any CPU
		{D34AB81F-569B-47BF-B748-56DC1E3EE581}.Release|iPhone.ActiveCfg = Release|Any CPU
		{D34AB81F-569B-47BF-B748-56DC1E3EE581}.Release|iPhone.Build.0 = Release|Any CPU
		{D34AB81F-569B-47BF-B748-56DC1E3EE581}.Release|iPhoneSimulator.ActiveCfg = Release|Any CPU
		{D34AB81F-569B-47BF-B748-56DC1E3EE581}.Release|iPhoneSimulator.Build.0 = Release|Any CPU
		{D34AB81F-569B-47BF-B748-56DC1E3EE581}.Release|x64.ActiveCfg = Release|Any CPU
		{D34AB81F-569B-47BF-B748-56DC1E3EE581}.Release|x64.Build.0 = Release|Any CPU
		{D34AB81F-569B-47BF-B748-56DC1E3EE581}.Release|x86.ActiveCfg = Release|Any CPU
		{D34AB81F-569B-47BF-B748-56DC1E3EE581}.Release|x86.Build.0 = Release|Any CPU
		{7ACA9A82-A595-4911-AD02-BF76A6C8F52C}.Ad-Hoc|Any CPU.ActiveCfg = Ad-Hoc|iPhone
		{7ACA9A82-A595-4911-AD02-BF76A6C8F52C}.Ad-Hoc|ARM.ActiveCfg = Ad-Hoc|iPhone
		{7ACA9A82-A595-4911-AD02-BF76A6C8F52C}.Ad-Hoc|iPhone.ActiveCfg = Ad-Hoc|iPhone
		{7ACA9A82-A595-4911-AD02-BF76A6C8F52C}.Ad-Hoc|iPhone.Build.0 = Ad-Hoc|iPhone
		{7ACA9A82-A595-4911-AD02-BF76A6C8F52C}.Ad-Hoc|iPhoneSimulator.ActiveCfg = Ad-Hoc|iPhoneSimulator
		{7ACA9A82-A595-4911-AD02-BF76A6C8F52C}.Ad-Hoc|iPhoneSimulator.Build.0 = Ad-Hoc|iPhoneSimulator
		{7ACA9A82-A595-4911-AD02-BF76A6C8F52C}.Ad-Hoc|x64.ActiveCfg = Ad-Hoc|iPhone
		{7ACA9A82-A595-4911-AD02-BF76A6C8F52C}.Ad-Hoc|x86.ActiveCfg = Ad-Hoc|iPhone
		{7ACA9A82-A595-4911-AD02-BF76A6C8F52C}.AppStore|Any CPU.ActiveCfg = AppStore|iPhone
		{7ACA9A82-A595-4911-AD02-BF76A6C8F52C}.AppStore|ARM.ActiveCfg = AppStore|iPhone
		{7ACA9A82-A595-4911-AD02-BF76A6C8F52C}.AppStore|iPhone.ActiveCfg = AppStore|iPhone
		{7ACA9A82-A595-4911-AD02-BF76A6C8F52C}.AppStore|iPhone.Build.0 = AppStore|iPhone
		{7ACA9A82-A595-4911-AD02-BF76A6C8F52C}.AppStore|iPhoneSimulator.ActiveCfg = AppStore|iPhoneSimulator
		{7ACA9A82-A595-4911-AD02-BF76A6C8F52C}.AppStore|iPhoneSimulator.Build.0 = AppStore|iPhoneSimulator
		{7ACA9A82-A595-4911-AD02-BF76A6C8F52C}.AppStore|x64.ActiveCfg = AppStore|iPhone
		{7ACA9A82-A595-4911-AD02-BF76A6C8F52C}.AppStore|x86.ActiveCfg = AppStore|iPhone
		{7ACA9A82-A595-4911-AD02-BF76A6C8F52C}.Debug|Any CPU.ActiveCfg = Debug|iPhone
		{7ACA9A82-A595-4911-AD02-BF76A6C8F52C}.Debug|ARM.ActiveCfg = Debug|iPhone
		{7ACA9A82-A595-4911-AD02-BF76A6C8F52C}.Debug|iPhone.ActiveCfg = Debug|iPhone
		{7ACA9A82-A595-4911-AD02-BF76A6C8F52C}.Debug|iPhone.Build.0 = Debug|iPhone
		{7ACA9A82-A595-4911-AD02-BF76A6C8F52C}.Debug|iPhoneSimulator.ActiveCfg = Debug|iPhoneSimulator
		{7ACA9A82-A595-4911-AD02-BF76A6C8F52C}.Debug|iPhoneSimulator.Build.0 = Debug|iPhoneSimulator
		{7ACA9A82-A595-4911-AD02-BF76A6C8F52C}.Debug|x64.ActiveCfg = Debug|iPhone
		{7ACA9A82-A595-4911-AD02-BF76A6C8F52C}.Debug|x86.ActiveCfg = Debug|iPhone
		{7ACA9A82-A595-4911-AD02-BF76A6C8F52C}.Release|Any CPU.ActiveCfg = Release|iPhone
		{7ACA9A82-A595-4911-AD02-BF76A6C8F52C}.Release|ARM.ActiveCfg = Release|iPhone
		{7ACA9A82-A595-4911-AD02-BF76A6C8F52C}.Release|iPhone.ActiveCfg = Release|iPhone
		{7ACA9A82-A595-4911-AD02-BF76A6C8F52C}.Release|iPhone.Build.0 = Release|iPhone
		{7ACA9A82-A595-4911-AD02-BF76A6C8F52C}.Release|iPhoneSimulator.ActiveCfg = Release|iPhoneSimulator
		{7ACA9A82-A595-4911-AD02-BF76A6C8F52C}.Release|iPhoneSimulator.Build.0 = Release|iPhoneSimulator
		{7ACA9A82-A595-4911-AD02-BF76A6C8F52C}.Release|x64.ActiveCfg = Release|iPhone
		{7ACA9A82-A595-4911-AD02-BF76A6C8F52C}.Release|x86.ActiveCfg = Release|iPhone
		{CB3F96B6-BF9D-4C61-A8A0-55A244200916}.Ad-Hoc|Any CPU.ActiveCfg = Release|Any CPU
		{CB3F96B6-BF9D-4C61-A8A0-55A244200916}.Ad-Hoc|Any CPU.Build.0 = Release|Any CPU
		{CB3F96B6-BF9D-4C61-A8A0-55A244200916}.Ad-Hoc|Any CPU.Deploy.0 = Release|Any CPU
		{CB3F96B6-BF9D-4C61-A8A0-55A244200916}.Ad-Hoc|ARM.ActiveCfg = Release|Any CPU
		{CB3F96B6-BF9D-4C61-A8A0-55A244200916}.Ad-Hoc|ARM.Build.0 = Release|Any CPU
		{CB3F96B6-BF9D-4C61-A8A0-55A244200916}.Ad-Hoc|ARM.Deploy.0 = Release|Any CPU
		{CB3F96B6-BF9D-4C61-A8A0-55A244200916}.Ad-Hoc|iPhone.ActiveCfg = Release|Any CPU
		{CB3F96B6-BF9D-4C61-A8A0-55A244200916}.Ad-Hoc|iPhone.Build.0 = Release|Any CPU
		{CB3F96B6-BF9D-4C61-A8A0-55A244200916}.Ad-Hoc|iPhone.Deploy.0 = Release|Any CPU
		{CB3F96B6-BF9D-4C61-A8A0-55A244200916}.Ad-Hoc|iPhoneSimulator.ActiveCfg = Release|Any CPU
		{CB3F96B6-BF9D-4C61-A8A0-55A244200916}.Ad-Hoc|iPhoneSimulator.Build.0 = Release|Any CPU
		{CB3F96B6-BF9D-4C61-A8A0-55A244200916}.Ad-Hoc|iPhoneSimulator.Deploy.0 = Release|Any CPU
		{CB3F96B6-BF9D-4C61-A8A0-55A244200916}.Ad-Hoc|x64.ActiveCfg = Release|Any CPU
		{CB3F96B6-BF9D-4C61-A8A0-55A244200916}.Ad-Hoc|x64.Build.0 = Release|Any CPU
		{CB3F96B6-BF9D-4C61-A8A0-55A244200916}.Ad-Hoc|x64.Deploy.0 = Release|Any CPU
		{CB3F96B6-BF9D-4C61-A8A0-55A244200916}.Ad-Hoc|x86.ActiveCfg = Release|Any CPU
		{CB3F96B6-BF9D-4C61-A8A0-55A244200916}.Ad-Hoc|x86.Build.0 = Release|Any CPU
		{CB3F96B6-BF9D-4C61-A8A0-55A244200916}.Ad-Hoc|x86.Deploy.0 = Release|Any CPU
		{CB3F96B6-BF9D-4C61-A8A0-55A244200916}.AppStore|Any CPU.ActiveCfg = Release|Any CPU
		{CB3F96B6-BF9D-4C61-A8A0-55A244200916}.AppStore|Any CPU.Build.0 = Release|Any CPU
		{CB3F96B6-BF9D-4C61-A8A0-55A244200916}.AppStore|Any CPU.Deploy.0 = Release|Any CPU
		{CB3F96B6-BF9D-4C61-A8A0-55A244200916}.AppStore|ARM.ActiveCfg = Release|Any CPU
		{CB3F96B6-BF9D-4C61-A8A0-55A244200916}.AppStore|ARM.Build.0 = Release|Any CPU
		{CB3F96B6-BF9D-4C61-A8A0-55A244200916}.AppStore|ARM.Deploy.0 = Release|Any CPU
		{CB3F96B6-BF9D-4C61-A8A0-55A244200916}.AppStore|iPhone.ActiveCfg = Release|Any CPU
		{CB3F96B6-BF9D-4C61-A8A0-55A244200916}.AppStore|iPhone.Build.0 = Release|Any CPU
		{CB3F96B6-BF9D-4C61-A8A0-55A244200916}.AppStore|iPhone.Deploy.0 = Release|Any CPU
		{CB3F96B6-BF9D-4C61-A8A0-55A244200916}.AppStore|iPhoneSimulator.ActiveCfg = Release|Any CPU
		{CB3F96B6-BF9D-4C61-A8A0-55A244200916}.AppStore|iPhoneSimulator.Build.0 = Release|Any CPU
		{CB3F96B6-BF9D-4C61-A8A0-55A244200916}.AppStore|iPhoneSimulator.Deploy.0 = Release|Any CPU
		{CB3F96B6-BF9D-4C61-A8A0-55A244200916}.AppStore|x64.ActiveCfg = Release|Any CPU
		{CB3F96B6-BF9D-4C61-A8A0-55A244200916}.AppStore|x64.Build.0 = Release|Any CPU
		{CB3F96B6-BF9D-4C61-A8A0-55A244200916}.AppStore|x64.Deploy.0 = Release|Any CPU
		{CB3F96B6-BF9D-4C61-A8A0-55A244200916}.AppStore|x86.ActiveCfg = Release|Any CPU
		{CB3F96B6-BF9D-4C61-A8A0-55A244200916}.AppStore|x86.Build.0 = Release|Any CPU
		{CB3F96B6-BF9D-4C61-A8A0-55A244200916}.AppStore|x86.Deploy.0 = Release|Any CPU
		{CB3F96B6-BF9D-4C61-A8A0-55A244200916}.Debug|Any CPU.ActiveCfg = Debug|Any CPU
		{CB3F96B6-BF9D-4C61-A8A0-55A244200916}.Debug|Any CPU.Build.0 = Debug|Any CPU
		{CB3F96B6-BF9D-4C61-A8A0-55A244200916}.Debug|Any CPU.Deploy.0 = Debug|Any CPU
		{CB3F96B6-BF9D-4C61-A8A0-55A244200916}.Debug|ARM.ActiveCfg = Debug|Any CPU
		{CB3F96B6-BF9D-4C61-A8A0-55A244200916}.Debug|ARM.Build.0 = Debug|Any CPU
		{CB3F96B6-BF9D-4C61-A8A0-55A244200916}.Debug|ARM.Deploy.0 = Debug|Any CPU
		{CB3F96B6-BF9D-4C61-A8A0-55A244200916}.Debug|iPhone.ActiveCfg = Debug|Any CPU
		{CB3F96B6-BF9D-4C61-A8A0-55A244200916}.Debug|iPhone.Build.0 = Debug|Any CPU
		{CB3F96B6-BF9D-4C61-A8A0-55A244200916}.Debug|iPhone.Deploy.0 = Debug|Any CPU
		{CB3F96B6-BF9D-4C61-A8A0-55A244200916}.Debug|iPhoneSimulator.ActiveCfg = Debug|Any CPU
		{CB3F96B6-BF9D-4C61-A8A0-55A244200916}.Debug|iPhoneSimulator.Build.0 = Debug|Any CPU
		{CB3F96B6-BF9D-4C61-A8A0-55A244200916}.Debug|iPhoneSimulator.Deploy.0 = Debug|Any CPU
		{CB3F96B6-BF9D-4C61-A8A0-55A244200916}.Debug|x64.ActiveCfg = Debug|Any CPU
		{CB3F96B6-BF9D-4C61-A8A0-55A244200916}.Debug|x64.Build.0 = Debug|Any CPU
		{CB3F96B6-BF9D-4C61-A8A0-55A244200916}.Debug|x64.Deploy.0 = Debug|Any CPU
		{CB3F96B6-BF9D-4C61-A8A0-55A244200916}.Debug|x86.ActiveCfg = Debug|Any CPU
		{CB3F96B6-BF9D-4C61-A8A0-55A244200916}.Debug|x86.Build.0 = Debug|Any CPU
		{CB3F96B6-BF9D-4C61-A8A0-55A244200916}.Debug|x86.Deploy.0 = Debug|Any CPU
		{CB3F96B6-BF9D-4C61-A8A0-55A244200916}.Release|Any CPU.ActiveCfg = Release|Any CPU
		{CB3F96B6-BF9D-4C61-A8A0-55A244200916}.Release|Any CPU.Build.0 = Release|Any CPU
		{CB3F96B6-BF9D-4C61-A8A0-55A244200916}.Release|Any CPU.Deploy.0 = Release|Any CPU
		{CB3F96B6-BF9D-4C61-A8A0-55A244200916}.Release|ARM.ActiveCfg = Release|Any CPU
		{CB3F96B6-BF9D-4C61-A8A0-55A244200916}.Release|ARM.Build.0 = Release|Any CPU
		{CB3F96B6-BF9D-4C61-A8A0-55A244200916}.Release|ARM.Deploy.0 = Release|Any CPU
		{CB3F96B6-BF9D-4C61-A8A0-55A244200916}.Release|iPhone.ActiveCfg = Release|Any CPU
		{CB3F96B6-BF9D-4C61-A8A0-55A244200916}.Release|iPhone.Build.0 = Release|Any CPU
		{CB3F96B6-BF9D-4C61-A8A0-55A244200916}.Release|iPhone.Deploy.0 = Release|Any CPU
		{CB3F96B6-BF9D-4C61-A8A0-55A244200916}.Release|iPhoneSimulator.ActiveCfg = Release|Any CPU
		{CB3F96B6-BF9D-4C61-A8A0-55A244200916}.Release|iPhoneSimulator.Build.0 = Release|Any CPU
		{CB3F96B6-BF9D-4C61-A8A0-55A244200916}.Release|iPhoneSimulator.Deploy.0 = Release|Any CPU
		{CB3F96B6-BF9D-4C61-A8A0-55A244200916}.Release|x64.ActiveCfg = Release|Any CPU
		{CB3F96B6-BF9D-4C61-A8A0-55A244200916}.Release|x64.Build.0 = Release|Any CPU
		{CB3F96B6-BF9D-4C61-A8A0-55A244200916}.Release|x64.Deploy.0 = Release|Any CPU
		{CB3F96B6-BF9D-4C61-A8A0-55A244200916}.Release|x86.ActiveCfg = Release|Any CPU
		{CB3F96B6-BF9D-4C61-A8A0-55A244200916}.Release|x86.Build.0 = Release|Any CPU
		{CB3F96B6-BF9D-4C61-A8A0-55A244200916}.Release|x86.Deploy.0 = Release|Any CPU
		{68A33A3B-1D0F-44CF-B938-6856217A434F}.Ad-Hoc|Any CPU.ActiveCfg = Release|Any CPU
		{68A33A3B-1D0F-44CF-B938-6856217A434F}.Ad-Hoc|Any CPU.Build.0 = Release|Any CPU
		{68A33A3B-1D0F-44CF-B938-6856217A434F}.Ad-Hoc|Any CPU.Deploy.0 = Release|Any CPU
		{68A33A3B-1D0F-44CF-B938-6856217A434F}.Ad-Hoc|ARM.ActiveCfg = Release|ARM
		{68A33A3B-1D0F-44CF-B938-6856217A434F}.Ad-Hoc|ARM.Build.0 = Release|ARM
		{68A33A3B-1D0F-44CF-B938-6856217A434F}.Ad-Hoc|ARM.Deploy.0 = Release|ARM
		{68A33A3B-1D0F-44CF-B938-6856217A434F}.Ad-Hoc|iPhone.ActiveCfg = Release|Any CPU
		{68A33A3B-1D0F-44CF-B938-6856217A434F}.Ad-Hoc|iPhone.Build.0 = Release|Any CPU
		{68A33A3B-1D0F-44CF-B938-6856217A434F}.Ad-Hoc|iPhone.Deploy.0 = Release|Any CPU
		{68A33A3B-1D0F-44CF-B938-6856217A434F}.Ad-Hoc|iPhoneSimulator.ActiveCfg = Release|Any CPU
		{68A33A3B-1D0F-44CF-B938-6856217A434F}.Ad-Hoc|iPhoneSimulator.Build.0 = Release|Any CPU
		{68A33A3B-1D0F-44CF-B938-6856217A434F}.Ad-Hoc|iPhoneSimulator.Deploy.0 = Release|Any CPU
		{68A33A3B-1D0F-44CF-B938-6856217A434F}.Ad-Hoc|x64.ActiveCfg = Release|Any CPU
		{68A33A3B-1D0F-44CF-B938-6856217A434F}.Ad-Hoc|x64.Build.0 = Release|Any CPU
		{68A33A3B-1D0F-44CF-B938-6856217A434F}.Ad-Hoc|x64.Deploy.0 = Release|Any CPU
		{68A33A3B-1D0F-44CF-B938-6856217A434F}.Ad-Hoc|x86.ActiveCfg = Release|x86
		{68A33A3B-1D0F-44CF-B938-6856217A434F}.Ad-Hoc|x86.Build.0 = Release|x86
		{68A33A3B-1D0F-44CF-B938-6856217A434F}.Ad-Hoc|x86.Deploy.0 = Release|x86
		{68A33A3B-1D0F-44CF-B938-6856217A434F}.AppStore|Any CPU.ActiveCfg = Release|Any CPU
		{68A33A3B-1D0F-44CF-B938-6856217A434F}.AppStore|Any CPU.Build.0 = Release|Any CPU
		{68A33A3B-1D0F-44CF-B938-6856217A434F}.AppStore|Any CPU.Deploy.0 = Release|Any CPU
		{68A33A3B-1D0F-44CF-B938-6856217A434F}.AppStore|ARM.ActiveCfg = Release|ARM
		{68A33A3B-1D0F-44CF-B938-6856217A434F}.AppStore|ARM.Build.0 = Release|ARM
		{68A33A3B-1D0F-44CF-B938-6856217A434F}.AppStore|ARM.Deploy.0 = Release|ARM
		{68A33A3B-1D0F-44CF-B938-6856217A434F}.AppStore|iPhone.ActiveCfg = Release|Any CPU
		{68A33A3B-1D0F-44CF-B938-6856217A434F}.AppStore|iPhone.Build.0 = Release|Any CPU
		{68A33A3B-1D0F-44CF-B938-6856217A434F}.AppStore|iPhone.Deploy.0 = Release|Any CPU
		{68A33A3B-1D0F-44CF-B938-6856217A434F}.AppStore|iPhoneSimulator.ActiveCfg = Release|Any CPU
		{68A33A3B-1D0F-44CF-B938-6856217A434F}.AppStore|iPhoneSimulator.Build.0 = Release|Any CPU
		{68A33A3B-1D0F-44CF-B938-6856217A434F}.AppStore|iPhoneSimulator.Deploy.0 = Release|Any CPU
		{68A33A3B-1D0F-44CF-B938-6856217A434F}.AppStore|x64.ActiveCfg = Release|Any CPU
		{68A33A3B-1D0F-44CF-B938-6856217A434F}.AppStore|x64.Build.0 = Release|Any CPU
		{68A33A3B-1D0F-44CF-B938-6856217A434F}.AppStore|x64.Deploy.0 = Release|Any CPU
		{68A33A3B-1D0F-44CF-B938-6856217A434F}.AppStore|x86.ActiveCfg = Release|x86
		{68A33A3B-1D0F-44CF-B938-6856217A434F}.AppStore|x86.Build.0 = Release|x86
		{68A33A3B-1D0F-44CF-B938-6856217A434F}.AppStore|x86.Deploy.0 = Release|x86
		{68A33A3B-1D0F-44CF-B938-6856217A434F}.Debug|Any CPU.ActiveCfg = Debug|Any CPU
		{68A33A3B-1D0F-44CF-B938-6856217A434F}.Debug|Any CPU.Build.0 = Debug|Any CPU
		{68A33A3B-1D0F-44CF-B938-6856217A434F}.Debug|Any CPU.Deploy.0 = Debug|Any CPU
		{68A33A3B-1D0F-44CF-B938-6856217A434F}.Debug|ARM.ActiveCfg = Debug|ARM
		{68A33A3B-1D0F-44CF-B938-6856217A434F}.Debug|ARM.Build.0 = Debug|ARM
		{68A33A3B-1D0F-44CF-B938-6856217A434F}.Debug|ARM.Deploy.0 = Debug|ARM
		{68A33A3B-1D0F-44CF-B938-6856217A434F}.Debug|iPhone.ActiveCfg = Debug|Any CPU
		{68A33A3B-1D0F-44CF-B938-6856217A434F}.Debug|iPhone.Build.0 = Debug|Any CPU
		{68A33A3B-1D0F-44CF-B938-6856217A434F}.Debug|iPhone.Deploy.0 = Debug|Any CPU
		{68A33A3B-1D0F-44CF-B938-6856217A434F}.Debug|iPhoneSimulator.ActiveCfg = Debug|Any CPU
		{68A33A3B-1D0F-44CF-B938-6856217A434F}.Debug|iPhoneSimulator.Build.0 = Debug|Any CPU
		{68A33A3B-1D0F-44CF-B938-6856217A434F}.Debug|iPhoneSimulator.Deploy.0 = Debug|Any CPU
		{68A33A3B-1D0F-44CF-B938-6856217A434F}.Debug|x64.ActiveCfg = Debug|Any CPU
		{68A33A3B-1D0F-44CF-B938-6856217A434F}.Debug|x64.Build.0 = Debug|Any CPU
		{68A33A3B-1D0F-44CF-B938-6856217A434F}.Debug|x64.Deploy.0 = Debug|Any CPU
		{68A33A3B-1D0F-44CF-B938-6856217A434F}.Debug|x86.ActiveCfg = Debug|x86
		{68A33A3B-1D0F-44CF-B938-6856217A434F}.Debug|x86.Build.0 = Debug|x86
		{68A33A3B-1D0F-44CF-B938-6856217A434F}.Debug|x86.Deploy.0 = Debug|x86
		{68A33A3B-1D0F-44CF-B938-6856217A434F}.Release|Any CPU.ActiveCfg = Release|Any CPU
		{68A33A3B-1D0F-44CF-B938-6856217A434F}.Release|Any CPU.Build.0 = Release|Any CPU
		{68A33A3B-1D0F-44CF-B938-6856217A434F}.Release|Any CPU.Deploy.0 = Release|Any CPU
		{68A33A3B-1D0F-44CF-B938-6856217A434F}.Release|ARM.ActiveCfg = Release|ARM
		{68A33A3B-1D0F-44CF-B938-6856217A434F}.Release|ARM.Build.0 = Release|ARM
		{68A33A3B-1D0F-44CF-B938-6856217A434F}.Release|ARM.Deploy.0 = Release|ARM
		{68A33A3B-1D0F-44CF-B938-6856217A434F}.Release|iPhone.ActiveCfg = Release|Any CPU
		{68A33A3B-1D0F-44CF-B938-6856217A434F}.Release|iPhone.Build.0 = Release|Any CPU
		{68A33A3B-1D0F-44CF-B938-6856217A434F}.Release|iPhone.Deploy.0 = Release|Any CPU
		{68A33A3B-1D0F-44CF-B938-6856217A434F}.Release|iPhoneSimulator.ActiveCfg = Release|Any CPU
		{68A33A3B-1D0F-44CF-B938-6856217A434F}.Release|iPhoneSimulator.Build.0 = Release|Any CPU
		{68A33A3B-1D0F-44CF-B938-6856217A434F}.Release|iPhoneSimulator.Deploy.0 = Release|Any CPU
		{68A33A3B-1D0F-44CF-B938-6856217A434F}.Release|x64.ActiveCfg = Release|Any CPU
		{68A33A3B-1D0F-44CF-B938-6856217A434F}.Release|x64.Build.0 = Release|Any CPU
		{68A33A3B-1D0F-44CF-B938-6856217A434F}.Release|x64.Deploy.0 = Release|Any CPU
		{68A33A3B-1D0F-44CF-B938-6856217A434F}.Release|x86.ActiveCfg = Release|x86
		{68A33A3B-1D0F-44CF-B938-6856217A434F}.Release|x86.Build.0 = Release|x86
		{68A33A3B-1D0F-44CF-B938-6856217A434F}.Release|x86.Deploy.0 = Release|x86
		{0AFE9711-4BAD-434F-A1E3-5D7C78F613B9}.Ad-Hoc|Any CPU.ActiveCfg = Release|x86
		{0AFE9711-4BAD-434F-A1E3-5D7C78F613B9}.Ad-Hoc|Any CPU.Build.0 = Release|x86
		{0AFE9711-4BAD-434F-A1E3-5D7C78F613B9}.Ad-Hoc|Any CPU.Deploy.0 = Release|x86
		{0AFE9711-4BAD-434F-A1E3-5D7C78F613B9}.Ad-Hoc|ARM.ActiveCfg = Release|ARM
		{0AFE9711-4BAD-434F-A1E3-5D7C78F613B9}.Ad-Hoc|ARM.Build.0 = Release|ARM
		{0AFE9711-4BAD-434F-A1E3-5D7C78F613B9}.Ad-Hoc|ARM.Deploy.0 = Release|ARM
		{0AFE9711-4BAD-434F-A1E3-5D7C78F613B9}.Ad-Hoc|iPhone.ActiveCfg = Release|x86
		{0AFE9711-4BAD-434F-A1E3-5D7C78F613B9}.Ad-Hoc|iPhone.Build.0 = Release|x86
		{0AFE9711-4BAD-434F-A1E3-5D7C78F613B9}.Ad-Hoc|iPhone.Deploy.0 = Release|x86
		{0AFE9711-4BAD-434F-A1E3-5D7C78F613B9}.Ad-Hoc|iPhoneSimulator.ActiveCfg = Release|x86
		{0AFE9711-4BAD-434F-A1E3-5D7C78F613B9}.Ad-Hoc|iPhoneSimulator.Build.0 = Release|x86
		{0AFE9711-4BAD-434F-A1E3-5D7C78F613B9}.Ad-Hoc|iPhoneSimulator.Deploy.0 = Release|x86
		{0AFE9711-4BAD-434F-A1E3-5D7C78F613B9}.Ad-Hoc|x64.ActiveCfg = Release|x64
		{0AFE9711-4BAD-434F-A1E3-5D7C78F613B9}.Ad-Hoc|x64.Build.0 = Release|x64
		{0AFE9711-4BAD-434F-A1E3-5D7C78F613B9}.Ad-Hoc|x64.Deploy.0 = Release|x64
		{0AFE9711-4BAD-434F-A1E3-5D7C78F613B9}.Ad-Hoc|x86.ActiveCfg = Release|x86
		{0AFE9711-4BAD-434F-A1E3-5D7C78F613B9}.Ad-Hoc|x86.Build.0 = Release|x86
		{0AFE9711-4BAD-434F-A1E3-5D7C78F613B9}.Ad-Hoc|x86.Deploy.0 = Release|x86
		{0AFE9711-4BAD-434F-A1E3-5D7C78F613B9}.AppStore|Any CPU.ActiveCfg = Release|x86
		{0AFE9711-4BAD-434F-A1E3-5D7C78F613B9}.AppStore|Any CPU.Build.0 = Release|x86
		{0AFE9711-4BAD-434F-A1E3-5D7C78F613B9}.AppStore|Any CPU.Deploy.0 = Release|x86
		{0AFE9711-4BAD-434F-A1E3-5D7C78F613B9}.AppStore|ARM.ActiveCfg = Release|ARM
		{0AFE9711-4BAD-434F-A1E3-5D7C78F613B9}.AppStore|ARM.Build.0 = Release|ARM
		{0AFE9711-4BAD-434F-A1E3-5D7C78F613B9}.AppStore|ARM.Deploy.0 = Release|ARM
		{0AFE9711-4BAD-434F-A1E3-5D7C78F613B9}.AppStore|iPhone.ActiveCfg = Release|x86
		{0AFE9711-4BAD-434F-A1E3-5D7C78F613B9}.AppStore|iPhone.Build.0 = Release|x86
		{0AFE9711-4BAD-434F-A1E3-5D7C78F613B9}.AppStore|iPhone.Deploy.0 = Release|x86
		{0AFE9711-4BAD-434F-A1E3-5D7C78F613B9}.AppStore|iPhoneSimulator.ActiveCfg = Release|x86
		{0AFE9711-4BAD-434F-A1E3-5D7C78F613B9}.AppStore|iPhoneSimulator.Build.0 = Release|x86
		{0AFE9711-4BAD-434F-A1E3-5D7C78F613B9}.AppStore|iPhoneSimulator.Deploy.0 = Release|x86
		{0AFE9711-4BAD-434F-A1E3-5D7C78F613B9}.AppStore|x64.ActiveCfg = Release|x64
		{0AFE9711-4BAD-434F-A1E3-5D7C78F613B9}.AppStore|x64.Build.0 = Release|x64
		{0AFE9711-4BAD-434F-A1E3-5D7C78F613B9}.AppStore|x64.Deploy.0 = Release|x64
		{0AFE9711-4BAD-434F-A1E3-5D7C78F613B9}.AppStore|x86.ActiveCfg = Release|x86
		{0AFE9711-4BAD-434F-A1E3-5D7C78F613B9}.AppStore|x86.Build.0 = Release|x86
		{0AFE9711-4BAD-434F-A1E3-5D7C78F613B9}.AppStore|x86.Deploy.0 = Release|x86
		{0AFE9711-4BAD-434F-A1E3-5D7C78F613B9}.Debug|Any CPU.ActiveCfg = Debug|x86
		{0AFE9711-4BAD-434F-A1E3-5D7C78F613B9}.Debug|ARM.ActiveCfg = Debug|ARM
		{0AFE9711-4BAD-434F-A1E3-5D7C78F613B9}.Debug|ARM.Build.0 = Debug|ARM
		{0AFE9711-4BAD-434F-A1E3-5D7C78F613B9}.Debug|ARM.Deploy.0 = Debug|ARM
		{0AFE9711-4BAD-434F-A1E3-5D7C78F613B9}.Debug|iPhone.ActiveCfg = Debug|x86
		{0AFE9711-4BAD-434F-A1E3-5D7C78F613B9}.Debug|iPhoneSimulator.ActiveCfg = Debug|x86
		{0AFE9711-4BAD-434F-A1E3-5D7C78F613B9}.Debug|x64.ActiveCfg = Debug|x64
		{0AFE9711-4BAD-434F-A1E3-5D7C78F613B9}.Debug|x64.Build.0 = Debug|x64
		{0AFE9711-4BAD-434F-A1E3-5D7C78F613B9}.Debug|x64.Deploy.0 = Debug|x64
		{0AFE9711-4BAD-434F-A1E3-5D7C78F613B9}.Debug|x86.ActiveCfg = Debug|x86
		{0AFE9711-4BAD-434F-A1E3-5D7C78F613B9}.Debug|x86.Build.0 = Debug|x86
		{0AFE9711-4BAD-434F-A1E3-5D7C78F613B9}.Debug|x86.Deploy.0 = Debug|x86
		{0AFE9711-4BAD-434F-A1E3-5D7C78F613B9}.Release|Any CPU.ActiveCfg = Release|x86
		{0AFE9711-4BAD-434F-A1E3-5D7C78F613B9}.Release|ARM.ActiveCfg = Release|ARM
		{0AFE9711-4BAD-434F-A1E3-5D7C78F613B9}.Release|ARM.Build.0 = Release|ARM
		{0AFE9711-4BAD-434F-A1E3-5D7C78F613B9}.Release|ARM.Deploy.0 = Release|ARM
		{0AFE9711-4BAD-434F-A1E3-5D7C78F613B9}.Release|iPhone.ActiveCfg = Release|x86
		{0AFE9711-4BAD-434F-A1E3-5D7C78F613B9}.Release|iPhoneSimulator.ActiveCfg = Release|x86
		{0AFE9711-4BAD-434F-A1E3-5D7C78F613B9}.Release|x64.ActiveCfg = Release|x64
		{0AFE9711-4BAD-434F-A1E3-5D7C78F613B9}.Release|x64.Build.0 = Release|x64
		{0AFE9711-4BAD-434F-A1E3-5D7C78F613B9}.Release|x64.Deploy.0 = Release|x64
		{0AFE9711-4BAD-434F-A1E3-5D7C78F613B9}.Release|x86.ActiveCfg = Release|x86
		{0AFE9711-4BAD-434F-A1E3-5D7C78F613B9}.Release|x86.Build.0 = Release|x86
		{0AFE9711-4BAD-434F-A1E3-5D7C78F613B9}.Release|x86.Deploy.0 = Release|x86
		{ECF990B3-63B7-445D-AEDE-85AE75C0EC44}.Ad-Hoc|Any CPU.ActiveCfg = Release|iPhone
		{ECF990B3-63B7-445D-AEDE-85AE75C0EC44}.Ad-Hoc|Any CPU.Build.0 = Release|iPhone
		{ECF990B3-63B7-445D-AEDE-85AE75C0EC44}.Ad-Hoc|ARM.ActiveCfg = Release|iPhone
		{ECF990B3-63B7-445D-AEDE-85AE75C0EC44}.Ad-Hoc|ARM.Build.0 = Release|iPhone
		{ECF990B3-63B7-445D-AEDE-85AE75C0EC44}.Ad-Hoc|iPhone.ActiveCfg = Release|iPhone
		{ECF990B3-63B7-445D-AEDE-85AE75C0EC44}.Ad-Hoc|iPhone.Build.0 = Release|iPhone
		{ECF990B3-63B7-445D-AEDE-85AE75C0EC44}.Ad-Hoc|iPhoneSimulator.ActiveCfg = Release|iPhoneSimulator
		{ECF990B3-63B7-445D-AEDE-85AE75C0EC44}.Ad-Hoc|iPhoneSimulator.Build.0 = Release|iPhoneSimulator
		{ECF990B3-63B7-445D-AEDE-85AE75C0EC44}.Ad-Hoc|x64.ActiveCfg = Release|iPhone
		{ECF990B3-63B7-445D-AEDE-85AE75C0EC44}.Ad-Hoc|x64.Build.0 = Release|iPhone
		{ECF990B3-63B7-445D-AEDE-85AE75C0EC44}.Ad-Hoc|x86.ActiveCfg = Release|iPhone
		{ECF990B3-63B7-445D-AEDE-85AE75C0EC44}.Ad-Hoc|x86.Build.0 = Release|iPhone
		{ECF990B3-63B7-445D-AEDE-85AE75C0EC44}.AppStore|Any CPU.ActiveCfg = Release|iPhone
		{ECF990B3-63B7-445D-AEDE-85AE75C0EC44}.AppStore|Any CPU.Build.0 = Release|iPhone
		{ECF990B3-63B7-445D-AEDE-85AE75C0EC44}.AppStore|ARM.ActiveCfg = Release|iPhone
		{ECF990B3-63B7-445D-AEDE-85AE75C0EC44}.AppStore|ARM.Build.0 = Release|iPhone
		{ECF990B3-63B7-445D-AEDE-85AE75C0EC44}.AppStore|iPhone.ActiveCfg = Release|iPhone
		{ECF990B3-63B7-445D-AEDE-85AE75C0EC44}.AppStore|iPhone.Build.0 = Release|iPhone
		{ECF990B3-63B7-445D-AEDE-85AE75C0EC44}.AppStore|iPhoneSimulator.ActiveCfg = Release|iPhoneSimulator
		{ECF990B3-63B7-445D-AEDE-85AE75C0EC44}.AppStore|iPhoneSimulator.Build.0 = Release|iPhoneSimulator
		{ECF990B3-63B7-445D-AEDE-85AE75C0EC44}.AppStore|x64.ActiveCfg = Release|iPhone
		{ECF990B3-63B7-445D-AEDE-85AE75C0EC44}.AppStore|x64.Build.0 = Release|iPhone
		{ECF990B3-63B7-445D-AEDE-85AE75C0EC44}.AppStore|x86.ActiveCfg = Release|iPhone
		{ECF990B3-63B7-445D-AEDE-85AE75C0EC44}.AppStore|x86.Build.0 = Release|iPhone
		{ECF990B3-63B7-445D-AEDE-85AE75C0EC44}.Debug|Any CPU.ActiveCfg = Debug|iPhone
		{ECF990B3-63B7-445D-AEDE-85AE75C0EC44}.Debug|ARM.ActiveCfg = Debug|iPhone
		{ECF990B3-63B7-445D-AEDE-85AE75C0EC44}.Debug|iPhone.ActiveCfg = Debug|iPhone
		{ECF990B3-63B7-445D-AEDE-85AE75C0EC44}.Debug|iPhone.Build.0 = Debug|iPhone
		{ECF990B3-63B7-445D-AEDE-85AE75C0EC44}.Debug|iPhoneSimulator.ActiveCfg = Debug|iPhoneSimulator
		{ECF990B3-63B7-445D-AEDE-85AE75C0EC44}.Debug|iPhoneSimulator.Build.0 = Debug|iPhoneSimulator
		{ECF990B3-63B7-445D-AEDE-85AE75C0EC44}.Debug|x64.ActiveCfg = Debug|iPhone
		{ECF990B3-63B7-445D-AEDE-85AE75C0EC44}.Debug|x86.ActiveCfg = Debug|iPhone
		{ECF990B3-63B7-445D-AEDE-85AE75C0EC44}.Release|Any CPU.ActiveCfg = Release|iPhone
		{ECF990B3-63B7-445D-AEDE-85AE75C0EC44}.Release|ARM.ActiveCfg = Release|iPhone
		{ECF990B3-63B7-445D-AEDE-85AE75C0EC44}.Release|iPhone.ActiveCfg = Release|iPhone
		{ECF990B3-63B7-445D-AEDE-85AE75C0EC44}.Release|iPhone.Build.0 = Release|iPhone
		{ECF990B3-63B7-445D-AEDE-85AE75C0EC44}.Release|iPhoneSimulator.ActiveCfg = Release|iPhoneSimulator
		{ECF990B3-63B7-445D-AEDE-85AE75C0EC44}.Release|iPhoneSimulator.Build.0 = Release|iPhoneSimulator
		{ECF990B3-63B7-445D-AEDE-85AE75C0EC44}.Release|x64.ActiveCfg = Release|iPhone
		{ECF990B3-63B7-445D-AEDE-85AE75C0EC44}.Release|x86.ActiveCfg = Release|iPhone
	EndGlobalSection
	GlobalSection(SolutionProperties) = preSolution
		HideSolutionNode = FALSE
	EndGlobalSection
	GlobalSection(NestedProjects) = preSolution
		{CFEB300D-1253-4176-BCCD-EE479DE1AB84} = {4F1CA27A-0197-42F9-89A0-744DC3C8F94D}
		{03EDD09E-4F05-4EA1-962F-AD52A7EBB223} = {4F1CA27A-0197-42F9-89A0-744DC3C8F94D}
		{1DC9E0F3-5385-4F90-AFE6-ECC226FA76F4} = {34D34589-2F5E-4673-BE93-94979F9C346D}
		{07C6A18D-B25D-4119-9C1B-7B5928720414} = {34D34589-2F5E-4673-BE93-94979F9C346D}
		{34A644B3-23E3-4261-A6B5-AD5993BFC987} = {34D34589-2F5E-4673-BE93-94979F9C346D}
		{3ECA5BAB-B998-475A-AFFF-76D03253D082} = {34D34589-2F5E-4673-BE93-94979F9C346D}
		{76495AA4-C18C-4EBC-BDA2-78478C68DDDC} = {34D34589-2F5E-4673-BE93-94979F9C346D}
		{D34AB81F-569B-47BF-B748-56DC1E3EE581} = {34D34589-2F5E-4673-BE93-94979F9C346D}
		{7ACA9A82-A595-4911-AD02-BF76A6C8F52C} = {34D34589-2F5E-4673-BE93-94979F9C346D}
		{CB3F96B6-BF9D-4C61-A8A0-55A244200916} = {34D34589-2F5E-4673-BE93-94979F9C346D}
		{68A33A3B-1D0F-44CF-B938-6856217A434F} = {34D34589-2F5E-4673-BE93-94979F9C346D}
		{0AFE9711-4BAD-434F-A1E3-5D7C78F613B9} = {34D34589-2F5E-4673-BE93-94979F9C346D}
		{ECF990B3-63B7-445D-AEDE-85AE75C0EC44} = {34D34589-2F5E-4673-BE93-94979F9C346D}
	EndGlobalSection
EndGlobal
